
Microsoft Visual Studio Solution File, Format Version 12.00
# Visual Studio Version 17
VisualStudioVersion = 17.3.32901.215
MinimumVisualStudioVersion = 10.0.40219.1
Project("{8BC9CEB8-8B4A-11D0-8D11-00A0C91BC942}") = "A", "A\A.vcxproj", "{425FA616-ABA7-435D-AB04-8394C005AEEA}"
EndProject
Project("{8BC9CEB8-8B4A-11D0-8D11-00A0C91BC942}") = "B", "B\B.vcxproj", "{9DB5DAB8-D774-4314-941F-2C1EB4320AC4}"
EndProject
Project("{8BC9CEB8-8B4A-11D0-8D11-00A0C91BC942}") = "C", "C\C.vcxproj", "{E4516197-062E-4954-9C83-294F5B726369}"
EndProject
Project("{8BC9CEB8-8B4A-11D0-8D11-00A0C91BC942}") = "D", "D\D.vcxproj", "{A89BD7D2-9BF1-47F2-A787-335276DCC1EB}"
EndProject
Project("{8BC9CEB8-8B4A-11D0-8D11-00A0C91BC942}") = "E", "E\E.vcxproj", "{D14A2E03-EB7E-4F69-B15E-0B6EE548FD02}"
EndProject
Project("{8BC9CEB8-8B4A-11D0-8D11-00A0C91BC942}") = "F", "F\F.vcxproj", "{54E44462-78B5-4A23-A926-E6016C62059B}"
EndProject
Project("{8BC9CEB8-8B4A-11D0-8D11-00A0C91BC942}") = "G", "G\G.vcxproj", "{2EB4BD6E-B4B9-4DAA-8DF3-C41138CFEE88}"
EndProject
Project("{8BC9CEB8-8B4A-11D0-8D11-00A0C91BC942}") = "I", "I\I.vcxproj", "{25303553-D57F-47FC-B4DF-C65180266E4B}"
EndProject
Project("{8BC9CEB8-8B4A-11D0-8D11-00A0C91BC942}") = "H", "H\H.vcxproj", "{B606E6C7-E590-4F36-97EF-638752285B36}"
EndProject
Project("{8BC9CEB8-8B4A-11D0-8D11-00A0C91BC942}") = "J", "J\J.vcxproj", "{34EFDEAA-BF00-437B-82F6-158A8FE990C1}"
EndProject
Global
	GlobalSection(SolutionConfigurationPlatforms) = preSolution
		Debug|x64 = Debug|x64
		Debug|x86 = Debug|x86
		Release|x64 = Release|x64
		Release|x86 = Release|x86
	EndGlobalSection
	GlobalSection(ProjectConfigurationPlatforms) = postSolution
		{425FA616-ABA7-435D-AB04-8394C005AEEA}.Debug|x64.ActiveCfg = Debug|x64
		{425FA616-ABA7-435D-AB04-8394C005AEEA}.Debug|x64.Build.0 = Debug|x64
		{425FA616-ABA7-435D-AB04-8394C005AEEA}.Debug|x86.ActiveCfg = Debug|Win32
		{425FA616-ABA7-435D-AB04-8394C005AEEA}.Debug|x86.Build.0 = Debug|Win32
		{425FA616-ABA7-435D-AB04-8394C005AEEA}.Release|x64.ActiveCfg = Release|x64
		{425FA616-ABA7-435D-AB04-8394C005AEEA}.Release|x64.Build.0 = Release|x64
		{425FA616-ABA7-435D-AB04-8394C005AEEA}.Release|x86.ActiveCfg = Release|Win32
		{425FA616-ABA7-435D-AB04-8394C005AEEA}.Release|x86.Build.0 = Release|Win32
		{9DB5DAB8-D774-4314-941F-2C1EB4320AC4}.Debug|x64.ActiveCfg = Debug|x64
		{9DB5DAB8-D774-4314-941F-2C1EB4320AC4}.Debug|x64.Build.0 = Debug|x64
		{9DB5DAB8-D774-4314-941F-2C1EB4320AC4}.Debug|x86.ActiveCfg = Debug|Win32
		{9DB5DAB8-D774-4314-941F-2C1EB4320AC4}.Debug|x86.Build.0 = Debug|Win32
		{9DB5DAB8-D774-4314-941F-2C1EB4320AC4}.Release|x64.ActiveCfg = Release|x64
		{9DB5DAB8-D774-4314-941F-2C1EB4320AC4}.Release|x64.Build.0 = Release|x64
		{9DB5DAB8-D774-4314-941F-2C1EB4320AC4}.Release|x86.ActiveCfg = Release|Win32
		{9DB5DAB8-D774-4314-941F-2C1EB4320AC4}.Release|x86.Build.0 = Release|Win32
		{E4516197-062E-4954-9C83-294F5B726369}.Debug|x64.ActiveCfg = Debug|x64
		{E4516197-062E-4954-9C83-294F5B726369}.Debug|x64.Build.0 = Debug|x64
		{E4516197-062E-4954-9C83-294F5B726369}.Debug|x86.ActiveCfg = Debug|Win32
		{E4516197-062E-4954-9C83-294F5B726369}.Debug|x86.Build.0 = Debug|Win32
		{E4516197-062E-4954-9C83-294F5B726369}.Release|x64.ActiveCfg = Release|x64
		{E4516197-062E-4954-9C83-294F5B726369}.Release|x64.Build.0 = Release|x64
		{E4516197-062E-4954-9C83-294F5B726369}.Release|x86.ActiveCfg = Release|Win32
		{E4516197-062E-4954-9C83-294F5B726369}.Release|x86.Build.0 = Release|Win32
		{A89BD7D2-9BF1-47F2-A787-335276DCC1EB}.Debug|x64.ActiveCfg = Debug|x64
		{A89BD7D2-9BF1-47F2-A787-335276DCC1EB}.Debug|x64.Build.0 = Debug|x64
		{A89BD7D2-9BF1-47F2-A787-335276DCC1EB}.Debug|x86.ActiveCfg = Debug|Win32
		{A89BD7D2-9BF1-47F2-A787-335276DCC1EB}.Debug|x86.Build.0 = Debug|Win32
		{A89BD7D2-9BF1-47F2-A787-335276DCC1EB}.Release|x64.ActiveCfg = Release|x64
		{A89BD7D2-9BF1-47F2-A787-335276DCC1EB}.Release|x64.Build.0 = Release|x64
		{A89BD7D2-9BF1-47F2-A787-335276DCC1EB}.Release|x86.ActiveCfg = Release|Win32
		{A89BD7D2-9BF1-47F2-A787-335276DCC1EB}.Release|x86.Build.0 = Release|Win32
		{D14A2E03-EB7E-4F69-B15E-0B6EE548FD02}.Debug|x64.ActiveCfg = Debug|x64
		{D14A2E03-EB7E-4F69-B15E-0B6EE548FD02}.Debug|x64.Build.0 = Debug|x64
		{D14A2E03-EB7E-4F69-B15E-0B6EE548FD02}.Debug|x86.ActiveCfg = Debug|Win32
		{D14A2E03-EB7E-4F69-B15E-0B6EE548FD02}.Debug|x86.Build.0 = Debug|Win32
		{D14A2E03-EB7E-4F69-B15E-0B6EE548FD02}.Release|x64.ActiveCfg = Release|x64
		{D14A2E03-EB7E-4F69-B15E-0B6EE548FD02}.Release|x64.Build.0 = Release|x64
		{D14A2E03-EB7E-4F69-B15E-0B6EE548FD02}.Release|x86.ActiveCfg = Release|Win32
		{D14A2E03-EB7E-4F69-B15E-0B6EE548FD02}.Release|x86.Build.0 = Release|Win32
		{54E44462-78B5-4A23-A926-E6016C62059B}.Debug|x64.ActiveCfg = Debug|x64
		{54E44462-78B5-4A23-A926-E6016C62059B}.Debug|x64.Build.0 = Debug|x64
		{54E44462-78B5-4A23-A926-E6016C62059B}.Debug|x86.ActiveCfg = Debug|Win32
		{54E44462-78B5-4A23-A926-E6016C62059B}.Debug|x86.Build.0 = Debug|Win32
		{54E44462-78B5-4A23-A926-E6016C62059B}.Release|x64.ActiveCfg = Release|x64
		{54E44462-78B5-4A23-A926-E6016C62059B}.Release|x64.Build.0 = Release|x64
		{54E44462-78B5-4A23-A926-E6016C62059B}.Release|x86.ActiveCfg = Release|Win32
		{54E44462-78B5-4A23-A926-E6016C62059B}.Release|x86.Build.0 = Release|Win32
		{2EB4BD6E-B4B9-4DAA-8DF3-C41138CFEE88}.Debug|x64.ActiveCfg = Debug|x64
		{2EB4BD6E-B4B9-4DAA-8DF3-C41138CFEE88}.Debug|x64.Build.0 = Debug|x64
		{2EB4BD6E-B4B9-4DAA-8DF3-C41138CFEE88}.Debug|x86.ActiveCfg = Debug|Win32
		{2EB4BD6E-B4B9-4DAA-8DF3-C41138CFEE88}.Debug|x86.Build.0 = Debug|Win32
		{2EB4BD6E-B4B9-4DAA-8DF3-C41138CFEE88}.Release|x64.ActiveCfg = Release|x64
		{2EB4BD6E-B4B9-4DAA-8DF3-C41138CFEE88}.Release|x64.Build.0 = Release|x64
		{2EB4BD6E-B4B9-4DAA-8DF3-C41138CFEE88}.Release|x86.ActiveCfg = Release|Win32
		{2EB4BD6E-B4B9-4DAA-8DF3-C41138CFEE88}.Release|x86.Build.0 = Release|Win32
		{25303553-D57F-47FC-B4DF-C65180266E4B}.Debug|x64.ActiveCfg = Debug|x64
		{25303553-D57F-47FC-B4DF-C65180266E4B}.Debug|x64.Build.0 = Debug|x64
		{25303553-D57F-47FC-B4DF-C65180266E4B}.Debug|x86.ActiveCfg = Debug|Win32
		{25303553-D57F-47FC-B4DF-C65180266E4B}.Debug|x86.Build.0 = Debug|Win32
		{25303553-D57F-47FC-B4DF-C65180266E4B}.Release|x64.ActiveCfg = Release|x64
		{25303553-D57F-47FC-B4DF-C65180266E4B}.Release|x64.Build.0 = Release|x64
		{25303553-D57F-47FC-B4DF-C65180266E4B}.Release|x86.ActiveCfg = Release|Win32
		{25303553-D57F-47FC-B4DF-C65180266E4B}.Release|x86.Build.0 = Release|Win32
		{B606E6C7-E590-4F36-97EF-638752285B36}.Debug|x64.ActiveCfg = Debug|x64
		{B606E6C7-E590-4F36-97EF-638752285B36}.Debug|x64.Build.0 = Debug|x64
		{B606E6C7-E590-4F36-97EF-638752285B36}.Debug|x86.ActiveCfg = Debug|Win32
		{B606E6C7-E590-4F36-97EF-638752285B36}.Debug|x86.Build.0 = Debug|Win32
		{B606E6C7-E590-4F36-97EF-638752285B36}.Release|x64.ActiveCfg = Release|x64
		{B606E6C7-E590-4F36-97EF-638752285B36}.Release|x64.Build.0 = Release|x64
		{B606E6C7-E590-4F36-97EF-638752285B36}.Release|x86.ActiveCfg = Release|Win32
		{B606E6C7-E590-4F36-97EF-638752285B36}.Release|x86.Build.0 = Release|Win32
		{34EFDEAA-BF00-437B-82F6-158A8FE990C1}.Debug|x64.ActiveCfg = Debug|x64
		{34EFDEAA-BF00-437B-82F6-158A8FE990C1}.Debug|x64.Build.0 = Debug|x64
		{34EFDEAA-BF00-437B-82F6-158A8FE990C1}.Debug|x86.ActiveCfg = Debug|Win32
		{34EFDEAA-BF00-437B-82F6-158A8FE990C1}.Debug|x86.Build.0 = Debug|Win32
		{34EFDEAA-BF00-437B-82F6-158A8FE990C1}.Release|x64.ActiveCfg = Release|x64
		{34EFDEAA-BF00-437B-82F6-158A8FE990C1}.Release|x64.Build.0 = Release|x64
		{34EFDEAA-BF00-437B-82F6-158A8FE990C1}.Release|x86.ActiveCfg = Release|Win32
		{34EFDEAA-BF00-437B-82F6-158A8FE990C1}.Release|x86.Build.0 = Release|Win32
	EndGlobalSection
	GlobalSection(SolutionProperties) = preSolution
		HideSolutionNode = FALSE
	EndGlobalSection
	GlobalSection(ExtensibilityGlobals) = postSolution
		SolutionGuid = {4C904173-01C0-416C-8F12-FDBB6FB0B26F}
	EndGlobalSection
EndGlobal
