
Microsoft Visual Studio Solution File, Format Version 12.00
# Visual Studio Version 17
VisualStudioVersion = 17.3.32901.215
MinimumVisualStudioVersion = 10.0.40219.1
Project("{FAE04EC0-301F-11D3-BF4B-00C04F79EFBC}") = "153503_Shchirov_Lab_8", "153503_Shchirov_Lab_8\153503_Shchirov_Lab_8.csproj", "{0C81AD01-295D-42E9-8519-5E73697B925E}"
EndProject
Project("{FAE04EC0-301F-11D3-BF4B-00C04F79EFBC}") = "ClassLibrary", "ClassLibrary\ClassLibrary.csproj", "{1F71D2EF-4049-48FE-90D9-D4A5FFC9DAA5}"
EndProject
Global
	GlobalSection(SolutionConfigurationPlatforms) = preSolution
		Debug|Any CPU = Debug|Any CPU
		Release|Any CPU = Release|Any CPU
	EndGlobalSection
	GlobalSection(ProjectConfigurationPlatforms) = postSolution
		{0C81AD01-295D-42E9-8519-5E73697B925E}.Debug|Any CPU.ActiveCfg = Debug|Any CPU
		{0C81AD01-295D-42E9-8519-5E73697B925E}.Debug|Any CPU.Build.0 = Debug|Any CPU
		{0C81AD01-295D-42E9-8519-5E73697B925E}.Release|Any CPU.ActiveCfg = Release|Any CPU
		{0C81AD01-295D-42E9-8519-5E73697B925E}.Release|Any CPU.Build.0 = Release|Any CPU
		{1F71D2EF-4049-48FE-90D9-D4A5FFC9DAA5}.Debug|Any CPU.ActiveCfg = Debug|Any CPU
		{1F71D2EF-4049-48FE-90D9-D4A5FFC9DAA5}.Debug|Any CPU.Build.0 = Debug|Any CPU
		{1F71D2EF-4049-48FE-90D9-D4A5FFC9DAA5}.Release|Any CPU.ActiveCfg = Release|Any CPU
		{1F71D2EF-4049-48FE-90D9-D4A5FFC9DAA5}.Release|Any CPU.Build.0 = Release|Any CPU
	EndGlobalSection
	GlobalSection(SolutionProperties) = preSolution
		HideSolutionNode = FALSE
	EndGlobalSection
	GlobalSection(ExtensibilityGlobals) = postSolution
		SolutionGuid = {C640CBD7-9E8B-48F7-B903-A1FFAA8B686A}
	EndGlobalSection
EndGlobal
