
Microsoft Visual Studio Solution File, Format Version 12.00
# Visual Studio Version 17
VisualStudioVersion = 17.2.32616.157
MinimumVisualStudioVersion = 10.0.40219.1
Project("{FAE04EC0-301F-11D3-BF4B-00C04F79EFBC}") = "153503_Щиров_Lab1", "153503_Щиров_Lab1\153503_Щиров_Lab1.csproj", "{B3EC6D5F-8C5D-4F02-B35E-C57F98D96065}"
EndProject
Global
	GlobalSection(SolutionConfigurationPlatforms) = preSolution
		Debug|Any CPU = Debug|Any CPU
		Release|Any CPU = Release|Any CPU
	EndGlobalSection
	GlobalSection(ProjectConfigurationPlatforms) = postSolution
		{B3EC6D5F-8C5D-4F02-B35E-C57F98D96065}.Debug|Any CPU.ActiveCfg = Debug|Any CPU
		{B3EC6D5F-8C5D-4F02-B35E-C57F98D96065}.Debug|Any CPU.Build.0 = Debug|Any CPU
		{B3EC6D5F-8C5D-4F02-B35E-C57F98D96065}.Release|Any CPU.ActiveCfg = Release|Any CPU
		{B3EC6D5F-8C5D-4F02-B35E-C57F98D96065}.Release|Any CPU.Build.0 = Release|Any CPU
	EndGlobalSection
	GlobalSection(SolutionProperties) = preSolution
		HideSolutionNode = FALSE
	EndGlobalSection
	GlobalSection(ExtensibilityGlobals) = postSolution
		SolutionGuid = {DD1C1386-CDD3-451A-ACB1-4128F1F5357B}
	EndGlobalSection
EndGlobal
