
Microsoft Visual Studio Solution File, Format Version 12.00
# Visual Studio 15
VisualStudioVersion = 15.0.28307.1684
MinimumVisualStudioVersion = 10.0.40219.1
Project("{8BC9CEB8-8B4A-11D0-8D11-00A0C91BC942}") = "Task_1", "Task_1\Task_1.vcxproj", "{95176D59-52A2-4DF9-8BAD-5B7AA9E6F5FA}"
EndProject
Project("{8BC9CEB8-8B4A-11D0-8D11-00A0C91BC942}") = "Task_2", "Task_2\Task_2.vcxproj", "{F7F66C75-DBF2-401A-8185-973E885B1633}"
EndProject
Project("{8BC9CEB8-8B4A-11D0-8D11-00A0C91BC942}") = "Task_3", "Task_3\Task_3.vcxproj", "{34A0C64C-1923-424F-B93F-C0A25556CD00}"
EndProject
Project("{8BC9CEB8-8B4A-11D0-8D11-00A0C91BC942}") = "Task_4", "Task_4\Task_4.vcxproj", "{2B83C553-7E4C-4223-BFA0-94410DE32C66}"
EndProject
Project("{8BC9CEB8-8B4A-11D0-8D11-00A0C91BC942}") = "Task_5", "Task_5\Task_5.vcxproj", "{8C15C229-5A92-4286-A7C8-48D1F9B5300E}"
EndProject
Project("{8BC9CEB8-8B4A-11D0-8D11-00A0C91BC942}") = "Task_6", "Task_6\Task_6.vcxproj", "{3394E372-C498-496A-882C-53F348BA552A}"
EndProject
Project("{8BC9CEB8-8B4A-11D0-8D11-00A0C91BC942}") = "Task_7", "Task_7\Task_7.vcxproj", "{9FCD7C1C-0F3F-460F-8227-45B457FF8400}"
EndProject
Project("{8BC9CEB8-8B4A-11D0-8D11-00A0C91BC942}") = "Task_8", "Task_8\Task_8.vcxproj", "{DCDED944-0350-4CB6-B1F8-FC23E0AD1287}"
EndProject
Project("{8BC9CEB8-8B4A-11D0-8D11-00A0C91BC942}") = "Task_9", "Task_9\Task_9.vcxproj", "{5D4287B6-2F9E-4531-A20E-77B71A3B7CCF}"
EndProject
Project("{8BC9CEB8-8B4A-11D0-8D11-00A0C91BC942}") = "Task_4.2", "Task_4.2\Task_4.2.vcxproj", "{09275778-BFA6-4D6F-9376-F50E5B10186D}"
EndProject
Global
	GlobalSection(SolutionConfigurationPlatforms) = preSolution
		Debug|x64 = Debug|x64
		Debug|x86 = Debug|x86
		Release|x64 = Release|x64
		Release|x86 = Release|x86
	EndGlobalSection
	GlobalSection(ProjectConfigurationPlatforms) = postSolution
		{95176D59-52A2-4DF9-8BAD-5B7AA9E6F5FA}.Debug|x64.ActiveCfg = Debug|x64
		{95176D59-52A2-4DF9-8BAD-5B7AA9E6F5FA}.Debug|x64.Build.0 = Debug|x64
		{95176D59-52A2-4DF9-8BAD-5B7AA9E6F5FA}.Debug|x86.ActiveCfg = Debug|Win32
		{95176D59-52A2-4DF9-8BAD-5B7AA9E6F5FA}.Debug|x86.Build.0 = Debug|Win32
		{95176D59-52A2-4DF9-8BAD-5B7AA9E6F5FA}.Release|x64.ActiveCfg = Release|x64
		{95176D59-52A2-4DF9-8BAD-5B7AA9E6F5FA}.Release|x64.Build.0 = Release|x64
		{95176D59-52A2-4DF9-8BAD-5B7AA9E6F5FA}.Release|x86.ActiveCfg = Release|Win32
		{95176D59-52A2-4DF9-8BAD-5B7AA9E6F5FA}.Release|x86.Build.0 = Release|Win32
		{F7F66C75-DBF2-401A-8185-973E885B1633}.Debug|x64.ActiveCfg = Debug|x64
		{F7F66C75-DBF2-401A-8185-973E885B1633}.Debug|x64.Build.0 = Debug|x64
		{F7F66C75-DBF2-401A-8185-973E885B1633}.Debug|x86.ActiveCfg = Debug|Win32
		{F7F66C75-DBF2-401A-8185-973E885B1633}.Debug|x86.Build.0 = Debug|Win32
		{F7F66C75-DBF2-401A-8185-973E885B1633}.Release|x64.ActiveCfg = Release|x64
		{F7F66C75-DBF2-401A-8185-973E885B1633}.Release|x64.Build.0 = Release|x64
		{F7F66C75-DBF2-401A-8185-973E885B1633}.Release|x86.ActiveCfg = Release|Win32
		{F7F66C75-DBF2-401A-8185-973E885B1633}.Release|x86.Build.0 = Release|Win32
		{34A0C64C-1923-424F-B93F-C0A25556CD00}.Debug|x64.ActiveCfg = Debug|x64
		{34A0C64C-1923-424F-B93F-C0A25556CD00}.Debug|x64.Build.0 = Debug|x64
		{34A0C64C-1923-424F-B93F-C0A25556CD00}.Debug|x86.ActiveCfg = Debug|Win32
		{34A0C64C-1923-424F-B93F-C0A25556CD00}.Debug|x86.Build.0 = Debug|Win32
		{34A0C64C-1923-424F-B93F-C0A25556CD00}.Release|x64.ActiveCfg = Release|x64
		{34A0C64C-1923-424F-B93F-C0A25556CD00}.Release|x64.Build.0 = Release|x64
		{34A0C64C-1923-424F-B93F-C0A25556CD00}.Release|x86.ActiveCfg = Release|Win32
		{34A0C64C-1923-424F-B93F-C0A25556CD00}.Release|x86.Build.0 = Release|Win32
		{2B83C553-7E4C-4223-BFA0-94410DE32C66}.Debug|x64.ActiveCfg = Debug|x64
		{2B83C553-7E4C-4223-BFA0-94410DE32C66}.Debug|x64.Build.0 = Debug|x64
		{2B83C553-7E4C-4223-BFA0-94410DE32C66}.Debug|x86.ActiveCfg = Debug|Win32
		{2B83C553-7E4C-4223-BFA0-94410DE32C66}.Debug|x86.Build.0 = Debug|Win32
		{2B83C553-7E4C-4223-BFA0-94410DE32C66}.Release|x64.ActiveCfg = Release|x64
		{2B83C553-7E4C-4223-BFA0-94410DE32C66}.Release|x64.Build.0 = Release|x64
		{2B83C553-7E4C-4223-BFA0-94410DE32C66}.Release|x86.ActiveCfg = Release|Win32
		{2B83C553-7E4C-4223-BFA0-94410DE32C66}.Release|x86.Build.0 = Release|Win32
		{8C15C229-5A92-4286-A7C8-48D1F9B5300E}.Debug|x64.ActiveCfg = Debug|x64
		{8C15C229-5A92-4286-A7C8-48D1F9B5300E}.Debug|x64.Build.0 = Debug|x64
		{8C15C229-5A92-4286-A7C8-48D1F9B5300E}.Debug|x86.ActiveCfg = Debug|Win32
		{8C15C229-5A92-4286-A7C8-48D1F9B5300E}.Debug|x86.Build.0 = Debug|Win32
		{8C15C229-5A92-4286-A7C8-48D1F9B5300E}.Release|x64.ActiveCfg = Release|x64
		{8C15C229-5A92-4286-A7C8-48D1F9B5300E}.Release|x64.Build.0 = Release|x64
		{8C15C229-5A92-4286-A7C8-48D1F9B5300E}.Release|x86.ActiveCfg = Release|Win32
		{8C15C229-5A92-4286-A7C8-48D1F9B5300E}.Release|x86.Build.0 = Release|Win32
		{3394E372-C498-496A-882C-53F348BA552A}.Debug|x64.ActiveCfg = Debug|x64
		{3394E372-C498-496A-882C-53F348BA552A}.Debug|x64.Build.0 = Debug|x64
		{3394E372-C498-496A-882C-53F348BA552A}.Debug|x86.ActiveCfg = Debug|Win32
		{3394E372-C498-496A-882C-53F348BA552A}.Debug|x86.Build.0 = Debug|Win32
		{3394E372-C498-496A-882C-53F348BA552A}.Release|x64.ActiveCfg = Release|x64
		{3394E372-C498-496A-882C-53F348BA552A}.Release|x64.Build.0 = Release|x64
		{3394E372-C498-496A-882C-53F348BA552A}.Release|x86.ActiveCfg = Release|Win32
		{3394E372-C498-496A-882C-53F348BA552A}.Release|x86.Build.0 = Release|Win32
		{9FCD7C1C-0F3F-460F-8227-45B457FF8400}.Debug|x64.ActiveCfg = Debug|x64
		{9FCD7C1C-0F3F-460F-8227-45B457FF8400}.Debug|x64.Build.0 = Debug|x64
		{9FCD7C1C-0F3F-460F-8227-45B457FF8400}.Debug|x86.ActiveCfg = Debug|Win32
		{9FCD7C1C-0F3F-460F-8227-45B457FF8400}.Debug|x86.Build.0 = Debug|Win32
		{9FCD7C1C-0F3F-460F-8227-45B457FF8400}.Release|x64.ActiveCfg = Release|x64
		{9FCD7C1C-0F3F-460F-8227-45B457FF8400}.Release|x64.Build.0 = Release|x64
		{9FCD7C1C-0F3F-460F-8227-45B457FF8400}.Release|x86.ActiveCfg = Release|Win32
		{9FCD7C1C-0F3F-460F-8227-45B457FF8400}.Release|x86.Build.0 = Release|Win32
		{DCDED944-0350-4CB6-B1F8-FC23E0AD1287}.Debug|x64.ActiveCfg = Debug|x64
		{DCDED944-0350-4CB6-B1F8-FC23E0AD1287}.Debug|x64.Build.0 = Debug|x64
		{DCDED944-0350-4CB6-B1F8-FC23E0AD1287}.Debug|x86.ActiveCfg = Debug|Win32
		{DCDED944-0350-4CB6-B1F8-FC23E0AD1287}.Debug|x86.Build.0 = Debug|Win32
		{DCDED944-0350-4CB6-B1F8-FC23E0AD1287}.Release|x64.ActiveCfg = Release|x64
		{DCDED944-0350-4CB6-B1F8-FC23E0AD1287}.Release|x64.Build.0 = Release|x64
		{DCDED944-0350-4CB6-B1F8-FC23E0AD1287}.Release|x86.ActiveCfg = Release|Win32
		{DCDED944-0350-4CB6-B1F8-FC23E0AD1287}.Release|x86.Build.0 = Release|Win32
		{5D4287B6-2F9E-4531-A20E-77B71A3B7CCF}.Debug|x64.ActiveCfg = Debug|x64
		{5D4287B6-2F9E-4531-A20E-77B71A3B7CCF}.Debug|x64.Build.0 = Debug|x64
		{5D4287B6-2F9E-4531-A20E-77B71A3B7CCF}.Debug|x86.ActiveCfg = Debug|Win32
		{5D4287B6-2F9E-4531-A20E-77B71A3B7CCF}.Debug|x86.Build.0 = Debug|Win32
		{5D4287B6-2F9E-4531-A20E-77B71A3B7CCF}.Release|x64.ActiveCfg = Release|x64
		{5D4287B6-2F9E-4531-A20E-77B71A3B7CCF}.Release|x64.Build.0 = Release|x64
		{5D4287B6-2F9E-4531-A20E-77B71A3B7CCF}.Release|x86.ActiveCfg = Release|Win32
		{5D4287B6-2F9E-4531-A20E-77B71A3B7CCF}.Release|x86.Build.0 = Release|Win32
		{09275778-BFA6-4D6F-9376-F50E5B10186D}.Debug|x64.ActiveCfg = Debug|x64
		{09275778-BFA6-4D6F-9376-F50E5B10186D}.Debug|x64.Build.0 = Debug|x64
		{09275778-BFA6-4D6F-9376-F50E5B10186D}.Debug|x86.ActiveCfg = Debug|Win32
		{09275778-BFA6-4D6F-9376-F50E5B10186D}.Debug|x86.Build.0 = Debug|Win32
		{09275778-BFA6-4D6F-9376-F50E5B10186D}.Release|x64.ActiveCfg = Release|x64
		{09275778-BFA6-4D6F-9376-F50E5B10186D}.Release|x64.Build.0 = Release|x64
		{09275778-BFA6-4D6F-9376-F50E5B10186D}.Release|x86.ActiveCfg = Release|Win32
		{09275778-BFA6-4D6F-9376-F50E5B10186D}.Release|x86.Build.0 = Release|Win32
	EndGlobalSection
	GlobalSection(SolutionProperties) = preSolution
		HideSolutionNode = FALSE
	EndGlobalSection
	GlobalSection(ExtensibilityGlobals) = postSolution
		SolutionGuid = {F8C4F476-1B8F-44A3-92B8-2FCBD4724C8A}
	EndGlobalSection
EndGlobal
