
Microsoft Visual Studio Solution File, Format Version 12.00
# Visual Studio Version 17
VisualStudioVersion = 17.1.32407.343
MinimumVisualStudioVersion = 10.0.40219.1
Project("{8BC9CEB8-8B4A-11D0-8D11-00A0C91BC942}") = "String", "String\String.vcxproj", "{31853008-6E15-4C5E-A9C3-4288427913A4}"
EndProject
Project("{8BC9CEB8-8B4A-11D0-8D11-00A0C91BC942}") = "Vector", "Vector\Vector.vcxproj", "{B2D54497-FB83-41E8-AF0D-F49D35F2C6CD}"
EndProject
Project("{8BC9CEB8-8B4A-11D0-8D11-00A0C91BC942}") = "MyVector", "MyVector\MyVector.vcxproj", "{9767537B-A1CF-4766-80B8-0841EE13E175}"
EndProject
Project("{8BC9CEB8-8B4A-11D0-8D11-00A0C91BC942}") = "TwoDecimal", "TwoDecimal\TwoDecimal.vcxproj", "{22141F7D-D0D3-4CED-9D32-D57DDEF93D83}"
EndProject
Project("{8BC9CEB8-8B4A-11D0-8D11-00A0C91BC942}") = "Parser", "Parser\Parser.vcxproj", "{984D7936-B268-4709-A7AC-DB1EC3CB8495}"
EndProject
Project("{8BC9CEB8-8B4A-11D0-8D11-00A0C91BC942}") = "Task1", "Task1\Task1.vcxproj", "{E8E4F697-59EF-44C8-8EF1-C071DC75A549}"
EndProject
Global
	GlobalSection(SolutionConfigurationPlatforms) = preSolution
		Debug|x64 = Debug|x64
		Debug|x86 = Debug|x86
		Release|x64 = Release|x64
		Release|x86 = Release|x86
	EndGlobalSection
	GlobalSection(ProjectConfigurationPlatforms) = postSolution
		{31853008-6E15-4C5E-A9C3-4288427913A4}.Debug|x64.ActiveCfg = Debug|x64
		{31853008-6E15-4C5E-A9C3-4288427913A4}.Debug|x64.Build.0 = Debug|x64
		{31853008-6E15-4C5E-A9C3-4288427913A4}.Debug|x86.ActiveCfg = Debug|x64
		{31853008-6E15-4C5E-A9C3-4288427913A4}.Debug|x86.Build.0 = Debug|x64
		{31853008-6E15-4C5E-A9C3-4288427913A4}.Release|x64.ActiveCfg = Release|x64
		{31853008-6E15-4C5E-A9C3-4288427913A4}.Release|x64.Build.0 = Release|x64
		{31853008-6E15-4C5E-A9C3-4288427913A4}.Release|x86.ActiveCfg = Release|x64
		{31853008-6E15-4C5E-A9C3-4288427913A4}.Release|x86.Build.0 = Release|x64
		{B2D54497-FB83-41E8-AF0D-F49D35F2C6CD}.Debug|x64.ActiveCfg = Debug|x64
		{B2D54497-FB83-41E8-AF0D-F49D35F2C6CD}.Debug|x64.Build.0 = Debug|x64
		{B2D54497-FB83-41E8-AF0D-F49D35F2C6CD}.Debug|x86.ActiveCfg = Debug|x64
		{B2D54497-FB83-41E8-AF0D-F49D35F2C6CD}.Debug|x86.Build.0 = Debug|x64
		{B2D54497-FB83-41E8-AF0D-F49D35F2C6CD}.Release|x64.ActiveCfg = Release|x64
		{B2D54497-FB83-41E8-AF0D-F49D35F2C6CD}.Release|x64.Build.0 = Release|x64
		{B2D54497-FB83-41E8-AF0D-F49D35F2C6CD}.Release|x86.ActiveCfg = Release|x64
		{B2D54497-FB83-41E8-AF0D-F49D35F2C6CD}.Release|x86.Build.0 = Release|x64
		{9767537B-A1CF-4766-80B8-0841EE13E175}.Debug|x64.ActiveCfg = Debug|x64
		{9767537B-A1CF-4766-80B8-0841EE13E175}.Debug|x64.Build.0 = Debug|x64
		{9767537B-A1CF-4766-80B8-0841EE13E175}.Debug|x86.ActiveCfg = Debug|Win32
		{9767537B-A1CF-4766-80B8-0841EE13E175}.Debug|x86.Build.0 = Debug|Win32
		{9767537B-A1CF-4766-80B8-0841EE13E175}.Release|x64.ActiveCfg = Release|x64
		{9767537B-A1CF-4766-80B8-0841EE13E175}.Release|x64.Build.0 = Release|x64
		{9767537B-A1CF-4766-80B8-0841EE13E175}.Release|x86.ActiveCfg = Release|Win32
		{9767537B-A1CF-4766-80B8-0841EE13E175}.Release|x86.Build.0 = Release|Win32
		{22141F7D-D0D3-4CED-9D32-D57DDEF93D83}.Debug|x64.ActiveCfg = Debug|x64
		{22141F7D-D0D3-4CED-9D32-D57DDEF93D83}.Debug|x64.Build.0 = Debug|x64
		{22141F7D-D0D3-4CED-9D32-D57DDEF93D83}.Debug|x86.ActiveCfg = Debug|x64
		{22141F7D-D0D3-4CED-9D32-D57DDEF93D83}.Debug|x86.Build.0 = Debug|x64
		{22141F7D-D0D3-4CED-9D32-D57DDEF93D83}.Release|x64.ActiveCfg = Release|x64
		{22141F7D-D0D3-4CED-9D32-D57DDEF93D83}.Release|x64.Build.0 = Release|x64
		{22141F7D-D0D3-4CED-9D32-D57DDEF93D83}.Release|x86.ActiveCfg = Release|x64
		{22141F7D-D0D3-4CED-9D32-D57DDEF93D83}.Release|x86.Build.0 = Release|x64
		{984D7936-B268-4709-A7AC-DB1EC3CB8495}.Debug|x64.ActiveCfg = Debug|x64
		{984D7936-B268-4709-A7AC-DB1EC3CB8495}.Debug|x64.Build.0 = Debug|x64
		{984D7936-B268-4709-A7AC-DB1EC3CB8495}.Debug|x86.ActiveCfg = Debug|x64
		{984D7936-B268-4709-A7AC-DB1EC3CB8495}.Debug|x86.Build.0 = Debug|x64
		{984D7936-B268-4709-A7AC-DB1EC3CB8495}.Release|x64.ActiveCfg = Release|x64
		{984D7936-B268-4709-A7AC-DB1EC3CB8495}.Release|x64.Build.0 = Release|x64
		{984D7936-B268-4709-A7AC-DB1EC3CB8495}.Release|x86.ActiveCfg = Release|x64
		{984D7936-B268-4709-A7AC-DB1EC3CB8495}.Release|x86.Build.0 = Release|x64
		{E8E4F697-59EF-44C8-8EF1-C071DC75A549}.Debug|x64.ActiveCfg = Debug|x64
		{E8E4F697-59EF-44C8-8EF1-C071DC75A549}.Debug|x64.Build.0 = Debug|x64
		{E8E4F697-59EF-44C8-8EF1-C071DC75A549}.Debug|x86.ActiveCfg = Debug|x64
		{E8E4F697-59EF-44C8-8EF1-C071DC75A549}.Debug|x86.Build.0 = Debug|x64
		{E8E4F697-59EF-44C8-8EF1-C071DC75A549}.Release|x64.ActiveCfg = Release|x64
		{E8E4F697-59EF-44C8-8EF1-C071DC75A549}.Release|x64.Build.0 = Release|x64
		{E8E4F697-59EF-44C8-8EF1-C071DC75A549}.Release|x86.ActiveCfg = Release|x64
		{E8E4F697-59EF-44C8-8EF1-C071DC75A549}.Release|x86.Build.0 = Release|x64
	EndGlobalSection
	GlobalSection(SolutionProperties) = preSolution
		HideSolutionNode = FALSE
	EndGlobalSection
	GlobalSection(ExtensibilityGlobals) = postSolution
		SolutionGuid = {86C1E1E7-FB6B-4073-B6DB-D19DDFC40CBE}
	EndGlobalSection
EndGlobal
