
Microsoft Visual Studio Solution File, Format Version 12.00
# Visual Studio Version 17
VisualStudioVersion = 17.0.31825.309
MinimumVisualStudioVersion = 10.0.40219.1
Project("{8BC9CEB8-8B4A-11D0-8D11-00A0C91BC942}") = "Task_1", "Task_1\Task_1.vcxproj", "{D701BD67-3772-4A09-A685-538A997BFEBA}"
EndProject
Project("{8BC9CEB8-8B4A-11D0-8D11-00A0C91BC942}") = "Task_2", "Task_2\Task_2.vcxproj", "{A26D4D0C-F16D-4FA1-B8F2-BF31DC99441A}"
EndProject
Project("{8BC9CEB8-8B4A-11D0-8D11-00A0C91BC942}") = "Task_3", "Task_3\Task_3.vcxproj", "{D4C5D636-DF35-4073-9AD0-D727DA7747B6}"
EndProject
Project("{8BC9CEB8-8B4A-11D0-8D11-00A0C91BC942}") = "Task_4", "Task_4\Task_4.vcxproj", "{9F8FCB19-D2A4-452E-9236-72796A1EB7EC}"
EndProject
Project("{8BC9CEB8-8B4A-11D0-8D11-00A0C91BC942}") = "Task_5", "Task_5\Task_5.vcxproj", "{5B98040C-DC51-4090-B4F7-C5F094184BC5}"
EndProject
Project("{8BC9CEB8-8B4A-11D0-8D11-00A0C91BC942}") = "Task_6", "Task_6\Task_6.vcxproj", "{279AACA1-929A-4888-B906-4B00B21F64EE}"
EndProject
Project("{8BC9CEB8-8B4A-11D0-8D11-00A0C91BC942}") = "Task_7", "Task_7\Task_7.vcxproj", "{3C5989CA-8BCB-4C17-AB1A-1C3DCAC59D88}"
EndProject
Project("{8BC9CEB8-8B4A-11D0-8D11-00A0C91BC942}") = "Task_8", "Task_8\Task_8.vcxproj", "{DB5E90B6-4B7A-44DB-BE13-E048BF7BEB1A}"
EndProject
Project("{8BC9CEB8-8B4A-11D0-8D11-00A0C91BC942}") = "Task_9", "Task_9\Task_9.vcxproj", "{9F4BB293-D1EF-41D1-ABFB-0D759DA2ECCC}"
EndProject
Global
	GlobalSection(SolutionConfigurationPlatforms) = preSolution
		Debug|x64 = Debug|x64
		Debug|x86 = Debug|x86
		Release|x64 = Release|x64
		Release|x86 = Release|x86
	EndGlobalSection
	GlobalSection(ProjectConfigurationPlatforms) = postSolution
		{D701BD67-3772-4A09-A685-538A997BFEBA}.Debug|x64.ActiveCfg = Debug|x64
		{D701BD67-3772-4A09-A685-538A997BFEBA}.Debug|x64.Build.0 = Debug|x64
		{D701BD67-3772-4A09-A685-538A997BFEBA}.Debug|x86.ActiveCfg = Debug|Win32
		{D701BD67-3772-4A09-A685-538A997BFEBA}.Debug|x86.Build.0 = Debug|Win32
		{D701BD67-3772-4A09-A685-538A997BFEBA}.Release|x64.ActiveCfg = Release|x64
		{D701BD67-3772-4A09-A685-538A997BFEBA}.Release|x64.Build.0 = Release|x64
		{D701BD67-3772-4A09-A685-538A997BFEBA}.Release|x86.ActiveCfg = Release|Win32
		{D701BD67-3772-4A09-A685-538A997BFEBA}.Release|x86.Build.0 = Release|Win32
		{A26D4D0C-F16D-4FA1-B8F2-BF31DC99441A}.Debug|x64.ActiveCfg = Debug|x64
		{A26D4D0C-F16D-4FA1-B8F2-BF31DC99441A}.Debug|x64.Build.0 = Debug|x64
		{A26D4D0C-F16D-4FA1-B8F2-BF31DC99441A}.Debug|x86.ActiveCfg = Debug|Win32
		{A26D4D0C-F16D-4FA1-B8F2-BF31DC99441A}.Debug|x86.Build.0 = Debug|Win32
		{A26D4D0C-F16D-4FA1-B8F2-BF31DC99441A}.Release|x64.ActiveCfg = Release|x64
		{A26D4D0C-F16D-4FA1-B8F2-BF31DC99441A}.Release|x64.Build.0 = Release|x64
		{A26D4D0C-F16D-4FA1-B8F2-BF31DC99441A}.Release|x86.ActiveCfg = Release|Win32
		{A26D4D0C-F16D-4FA1-B8F2-BF31DC99441A}.Release|x86.Build.0 = Release|Win32
		{D4C5D636-DF35-4073-9AD0-D727DA7747B6}.Debug|x64.ActiveCfg = Debug|x64
		{D4C5D636-DF35-4073-9AD0-D727DA7747B6}.Debug|x64.Build.0 = Debug|x64
		{D4C5D636-DF35-4073-9AD0-D727DA7747B6}.Debug|x86.ActiveCfg = Debug|Win32
		{D4C5D636-DF35-4073-9AD0-D727DA7747B6}.Debug|x86.Build.0 = Debug|Win32
		{D4C5D636-DF35-4073-9AD0-D727DA7747B6}.Release|x64.ActiveCfg = Release|x64
		{D4C5D636-DF35-4073-9AD0-D727DA7747B6}.Release|x64.Build.0 = Release|x64
		{D4C5D636-DF35-4073-9AD0-D727DA7747B6}.Release|x86.ActiveCfg = Release|Win32
		{D4C5D636-DF35-4073-9AD0-D727DA7747B6}.Release|x86.Build.0 = Release|Win32
		{9F8FCB19-D2A4-452E-9236-72796A1EB7EC}.Debug|x64.ActiveCfg = Debug|x64
		{9F8FCB19-D2A4-452E-9236-72796A1EB7EC}.Debug|x64.Build.0 = Debug|x64
		{9F8FCB19-D2A4-452E-9236-72796A1EB7EC}.Debug|x86.ActiveCfg = Debug|Win32
		{9F8FCB19-D2A4-452E-9236-72796A1EB7EC}.Debug|x86.Build.0 = Debug|Win32
		{9F8FCB19-D2A4-452E-9236-72796A1EB7EC}.Release|x64.ActiveCfg = Release|x64
		{9F8FCB19-D2A4-452E-9236-72796A1EB7EC}.Release|x64.Build.0 = Release|x64
		{9F8FCB19-D2A4-452E-9236-72796A1EB7EC}.Release|x86.ActiveCfg = Release|Win32
		{9F8FCB19-D2A4-452E-9236-72796A1EB7EC}.Release|x86.Build.0 = Release|Win32
		{5B98040C-DC51-4090-B4F7-C5F094184BC5}.Debug|x64.ActiveCfg = Debug|x64
		{5B98040C-DC51-4090-B4F7-C5F094184BC5}.Debug|x64.Build.0 = Debug|x64
		{5B98040C-DC51-4090-B4F7-C5F094184BC5}.Debug|x86.ActiveCfg = Debug|Win32
		{5B98040C-DC51-4090-B4F7-C5F094184BC5}.Debug|x86.Build.0 = Debug|Win32
		{5B98040C-DC51-4090-B4F7-C5F094184BC5}.Release|x64.ActiveCfg = Release|x64
		{5B98040C-DC51-4090-B4F7-C5F094184BC5}.Release|x64.Build.0 = Release|x64
		{5B98040C-DC51-4090-B4F7-C5F094184BC5}.Release|x86.ActiveCfg = Release|Win32
		{5B98040C-DC51-4090-B4F7-C5F094184BC5}.Release|x86.Build.0 = Release|Win32
		{279AACA1-929A-4888-B906-4B00B21F64EE}.Debug|x64.ActiveCfg = Debug|x64
		{279AACA1-929A-4888-B906-4B00B21F64EE}.Debug|x64.Build.0 = Debug|x64
		{279AACA1-929A-4888-B906-4B00B21F64EE}.Debug|x86.ActiveCfg = Debug|Win32
		{279AACA1-929A-4888-B906-4B00B21F64EE}.Debug|x86.Build.0 = Debug|Win32
		{279AACA1-929A-4888-B906-4B00B21F64EE}.Release|x64.ActiveCfg = Release|x64
		{279AACA1-929A-4888-B906-4B00B21F64EE}.Release|x64.Build.0 = Release|x64
		{279AACA1-929A-4888-B906-4B00B21F64EE}.Release|x86.ActiveCfg = Release|Win32
		{279AACA1-929A-4888-B906-4B00B21F64EE}.Release|x86.Build.0 = Release|Win32
		{3C5989CA-8BCB-4C17-AB1A-1C3DCAC59D88}.Debug|x64.ActiveCfg = Debug|x64
		{3C5989CA-8BCB-4C17-AB1A-1C3DCAC59D88}.Debug|x64.Build.0 = Debug|x64
		{3C5989CA-8BCB-4C17-AB1A-1C3DCAC59D88}.Debug|x86.ActiveCfg = Debug|Win32
		{3C5989CA-8BCB-4C17-AB1A-1C3DCAC59D88}.Debug|x86.Build.0 = Debug|Win32
		{3C5989CA-8BCB-4C17-AB1A-1C3DCAC59D88}.Release|x64.ActiveCfg = Release|x64
		{3C5989CA-8BCB-4C17-AB1A-1C3DCAC59D88}.Release|x64.Build.0 = Release|x64
		{3C5989CA-8BCB-4C17-AB1A-1C3DCAC59D88}.Release|x86.ActiveCfg = Release|Win32
		{3C5989CA-8BCB-4C17-AB1A-1C3DCAC59D88}.Release|x86.Build.0 = Release|Win32
		{DB5E90B6-4B7A-44DB-BE13-E048BF7BEB1A}.Debug|x64.ActiveCfg = Debug|x64
		{DB5E90B6-4B7A-44DB-BE13-E048BF7BEB1A}.Debug|x64.Build.0 = Debug|x64
		{DB5E90B6-4B7A-44DB-BE13-E048BF7BEB1A}.Debug|x86.ActiveCfg = Debug|Win32
		{DB5E90B6-4B7A-44DB-BE13-E048BF7BEB1A}.Debug|x86.Build.0 = Debug|Win32
		{DB5E90B6-4B7A-44DB-BE13-E048BF7BEB1A}.Release|x64.ActiveCfg = Release|x64
		{DB5E90B6-4B7A-44DB-BE13-E048BF7BEB1A}.Release|x64.Build.0 = Release|x64
		{DB5E90B6-4B7A-44DB-BE13-E048BF7BEB1A}.Release|x86.ActiveCfg = Release|Win32
		{DB5E90B6-4B7A-44DB-BE13-E048BF7BEB1A}.Release|x86.Build.0 = Release|Win32
		{9F4BB293-D1EF-41D1-ABFB-0D759DA2ECCC}.Debug|x64.ActiveCfg = Debug|x64
		{9F4BB293-D1EF-41D1-ABFB-0D759DA2ECCC}.Debug|x64.Build.0 = Debug|x64
		{9F4BB293-D1EF-41D1-ABFB-0D759DA2ECCC}.Debug|x86.ActiveCfg = Debug|Win32
		{9F4BB293-D1EF-41D1-ABFB-0D759DA2ECCC}.Debug|x86.Build.0 = Debug|Win32
		{9F4BB293-D1EF-41D1-ABFB-0D759DA2ECCC}.Release|x64.ActiveCfg = Release|x64
		{9F4BB293-D1EF-41D1-ABFB-0D759DA2ECCC}.Release|x64.Build.0 = Release|x64
		{9F4BB293-D1EF-41D1-ABFB-0D759DA2ECCC}.Release|x86.ActiveCfg = Release|Win32
		{9F4BB293-D1EF-41D1-ABFB-0D759DA2ECCC}.Release|x86.Build.0 = Release|Win32
	EndGlobalSection
	GlobalSection(SolutionProperties) = preSolution
		HideSolutionNode = FALSE
	EndGlobalSection
	GlobalSection(ExtensibilityGlobals) = postSolution
		SolutionGuid = {1CF2B797-5980-4C49-9303-C0C411C1BAB1}
	EndGlobalSection
EndGlobal
