
Microsoft Visual Studio Solution File, Format Version 12.00
# Visual Studio Version 17
VisualStudioVersion = 17.7.34024.191
MinimumVisualStudioVersion = 10.0.40219.1
Project("{9A19103F-16F7-4668-BE54-9A1E7A4F7556}") = "WEB_153503_Shchirov", "WEB_153503_Shchirov.csproj", "{7A96CB0B-3E77-4D5B-BFAB-0EF55848BDA2}"
EndProject
Project("{9A19103F-16F7-4668-BE54-9A1E7A4F7556}") = "Domain", "..\Domain\Domain.csproj", "{6DE8065B-649D-4B5A-9753-7979B113D7D5}"
EndProject
Project("{9A19103F-16F7-4668-BE54-9A1E7A4F7556}") = "API", "..\API\API.csproj", "{FD3E5162-1C8A-4C6F-8B41-45AED079ADA8}"
EndProject
Project("{9A19103F-16F7-4668-BE54-9A1E7A4F7556}") = "IdentityServer", "..\IdentityServer\IdentityServer.csproj", "{BD467BC2-6E60-45C9-847C-387BCD730DAA}"
EndProject
Project("{9A19103F-16F7-4668-BE54-9A1E7A4F7556}") = "Tests", "..\Tests\Tests.csproj", "{86D5DC79-325A-40B7-AB4F-C484269A011C}"
EndProject
Project("{9A19103F-16F7-4668-BE54-9A1E7A4F7556}") = "BlazorWasm", "..\BlazorWasm\BlazorWasm.csproj", "{8B67AF91-B8E0-411F-AE44-657646B17A72}"
EndProject
Global
	GlobalSection(SolutionConfigurationPlatforms) = preSolution
		Debug|Any CPU = Debug|Any CPU
		Release|Any CPU = Release|Any CPU
	EndGlobalSection
	GlobalSection(ProjectConfigurationPlatforms) = postSolution
		{7A96CB0B-3E77-4D5B-BFAB-0EF55848BDA2}.Debug|Any CPU.ActiveCfg = Debug|Any CPU
		{7A96CB0B-3E77-4D5B-BFAB-0EF55848BDA2}.Debug|Any CPU.Build.0 = Debug|Any CPU
		{7A96CB0B-3E77-4D5B-BFAB-0EF55848BDA2}.Release|Any CPU.ActiveCfg = Release|Any CPU
		{7A96CB0B-3E77-4D5B-BFAB-0EF55848BDA2}.Release|Any CPU.Build.0 = Release|Any CPU
		{6DE8065B-649D-4B5A-9753-7979B113D7D5}.Debug|Any CPU.ActiveCfg = Debug|Any CPU
		{6DE8065B-649D-4B5A-9753-7979B113D7D5}.Debug|Any CPU.Build.0 = Debug|Any CPU
		{6DE8065B-649D-4B5A-9753-7979B113D7D5}.Release|Any CPU.ActiveCfg = Release|Any CPU
		{6DE8065B-649D-4B5A-9753-7979B113D7D5}.Release|Any CPU.Build.0 = Release|Any CPU
		{FD3E5162-1C8A-4C6F-8B41-45AED079ADA8}.Debug|Any CPU.ActiveCfg = Debug|Any CPU
		{FD3E5162-1C8A-4C6F-8B41-45AED079ADA8}.Debug|Any CPU.Build.0 = Debug|Any CPU
		{FD3E5162-1C8A-4C6F-8B41-45AED079ADA8}.Release|Any CPU.ActiveCfg = Release|Any CPU
		{FD3E5162-1C8A-4C6F-8B41-45AED079ADA8}.Release|Any CPU.Build.0 = Release|Any CPU
		{BD467BC2-6E60-45C9-847C-387BCD730DAA}.Debug|Any CPU.ActiveCfg = Debug|Any CPU
		{BD467BC2-6E60-45C9-847C-387BCD730DAA}.Debug|Any CPU.Build.0 = Debug|Any CPU
		{BD467BC2-6E60-45C9-847C-387BCD730DAA}.Release|Any CPU.ActiveCfg = Release|Any CPU
		{BD467BC2-6E60-45C9-847C-387BCD730DAA}.Release|Any CPU.Build.0 = Release|Any CPU
		{86D5DC79-325A-40B7-AB4F-C484269A011C}.Debug|Any CPU.ActiveCfg = Debug|Any CPU
		{86D5DC79-325A-40B7-AB4F-C484269A011C}.Debug|Any CPU.Build.0 = Debug|Any CPU
		{86D5DC79-325A-40B7-AB4F-C484269A011C}.Release|Any CPU.ActiveCfg = Release|Any CPU
		{86D5DC79-325A-40B7-AB4F-C484269A011C}.Release|Any CPU.Build.0 = Release|Any CPU
		{8B67AF91-B8E0-411F-AE44-657646B17A72}.Debug|Any CPU.ActiveCfg = Debug|Any CPU
		{8B67AF91-B8E0-411F-AE44-657646B17A72}.Debug|Any CPU.Build.0 = Debug|Any CPU
		{8B67AF91-B8E0-411F-AE44-657646B17A72}.Release|Any CPU.ActiveCfg = Release|Any CPU
		{8B67AF91-B8E0-411F-AE44-657646B17A72}.Release|Any CPU.Build.0 = Release|Any CPU
	EndGlobalSection
	GlobalSection(SolutionProperties) = preSolution
		HideSolutionNode = FALSE
	EndGlobalSection
	GlobalSection(ExtensibilityGlobals) = postSolution
		SolutionGuid = {64B38BE2-3077-4B77-87A4-FD1FA7DF2BEE}
	EndGlobalSection
EndGlobal
