
Microsoft Visual Studio Solution File, Format Version 12.00
# Visual Studio Version 17
VisualStudioVersion = 17.0.32014.148
MinimumVisualStudioVersion = 10.0.40219.1
Project("{8BC9CEB8-8B4A-11D0-8D11-00A0C91BC942}") = "Task_1", "Lab_3\Lab_3.vcxproj", "{50A8CBCB-DBA7-4739-A72C-E64AB119CE2A}"
EndProject
Project("{8BC9CEB8-8B4A-11D0-8D11-00A0C91BC942}") = "Task_2", "Task_2\Task_2.vcxproj", "{50560C4C-A69C-429E-AC65-99BA6899EC76}"
EndProject
Global
	GlobalSection(SolutionConfigurationPlatforms) = preSolution
		Debug|x64 = Debug|x64
		Debug|x86 = Debug|x86
		Release|x64 = Release|x64
		Release|x86 = Release|x86
	EndGlobalSection
	GlobalSection(ProjectConfigurationPlatforms) = postSolution
		{50A8CBCB-DBA7-4739-A72C-E64AB119CE2A}.Debug|x64.ActiveCfg = Debug|x64
		{50A8CBCB-DBA7-4739-A72C-E64AB119CE2A}.Debug|x64.Build.0 = Debug|x64
		{50A8CBCB-DBA7-4739-A72C-E64AB119CE2A}.Debug|x86.ActiveCfg = Debug|x64
		{50A8CBCB-DBA7-4739-A72C-E64AB119CE2A}.Debug|x86.Build.0 = Debug|x64
		{50A8CBCB-DBA7-4739-A72C-E64AB119CE2A}.Release|x64.ActiveCfg = Release|x64
		{50A8CBCB-DBA7-4739-A72C-E64AB119CE2A}.Release|x64.Build.0 = Release|x64
		{50A8CBCB-DBA7-4739-A72C-E64AB119CE2A}.Release|x86.ActiveCfg = Release|x64
		{50A8CBCB-DBA7-4739-A72C-E64AB119CE2A}.Release|x86.Build.0 = Release|x64
		{50560C4C-A69C-429E-AC65-99BA6899EC76}.Debug|x64.ActiveCfg = Debug|x64
		{50560C4C-A69C-429E-AC65-99BA6899EC76}.Debug|x64.Build.0 = Debug|x64
		{50560C4C-A69C-429E-AC65-99BA6899EC76}.Debug|x86.ActiveCfg = Debug|Win32
		{50560C4C-A69C-429E-AC65-99BA6899EC76}.Debug|x86.Build.0 = Debug|Win32
		{50560C4C-A69C-429E-AC65-99BA6899EC76}.Release|x64.ActiveCfg = Release|x64
		{50560C4C-A69C-429E-AC65-99BA6899EC76}.Release|x64.Build.0 = Release|x64
		{50560C4C-A69C-429E-AC65-99BA6899EC76}.Release|x86.ActiveCfg = Release|Win32
		{50560C4C-A69C-429E-AC65-99BA6899EC76}.Release|x86.Build.0 = Release|Win32
	EndGlobalSection
	GlobalSection(SolutionProperties) = preSolution
		HideSolutionNode = FALSE
	EndGlobalSection
	GlobalSection(ExtensibilityGlobals) = postSolution
		SolutionGuid = {E972E32B-FA87-47C6-8D1F-CF32C1E341C3}
	EndGlobalSection
EndGlobal
