
Microsoft Visual Studio Solution File, Format Version 12.00
# Visual Studio Version 17
VisualStudioVersion = 17.0.31825.309
MinimumVisualStudioVersion = 10.0.40219.1
Project("{8BC9CEB8-8B4A-11D0-8D11-00A0C91BC942}") = "Task_1", "Task_1\Task_1.vcxproj", "{E84B4EC9-2974-4B53-BFAD-7A7548B034EF}"
EndProject
Project("{8BC9CEB8-8B4A-11D0-8D11-00A0C91BC942}") = "Task_2", "Task_2\Task_2.vcxproj", "{2CB7B6FB-89B5-47FC-A24C-6FB4BFEA840E}"
EndProject
Global
	GlobalSection(SolutionConfigurationPlatforms) = preSolution
		Debug|x64 = Debug|x64
		Debug|x86 = Debug|x86
		Release|x64 = Release|x64
		Release|x86 = Release|x86
	EndGlobalSection
	GlobalSection(ProjectConfigurationPlatforms) = postSolution
		{E84B4EC9-2974-4B53-BFAD-7A7548B034EF}.Debug|x64.ActiveCfg = Debug|x64
		{E84B4EC9-2974-4B53-BFAD-7A7548B034EF}.Debug|x64.Build.0 = Debug|x64
		{E84B4EC9-2974-4B53-BFAD-7A7548B034EF}.Debug|x86.ActiveCfg = Debug|Win32
		{E84B4EC9-2974-4B53-BFAD-7A7548B034EF}.Debug|x86.Build.0 = Debug|Win32
		{E84B4EC9-2974-4B53-BFAD-7A7548B034EF}.Release|x64.ActiveCfg = Release|x64
		{E84B4EC9-2974-4B53-BFAD-7A7548B034EF}.Release|x64.Build.0 = Release|x64
		{E84B4EC9-2974-4B53-BFAD-7A7548B034EF}.Release|x86.ActiveCfg = Release|Win32
		{E84B4EC9-2974-4B53-BFAD-7A7548B034EF}.Release|x86.Build.0 = Release|Win32
		{2CB7B6FB-89B5-47FC-A24C-6FB4BFEA840E}.Debug|x64.ActiveCfg = Debug|x64
		{2CB7B6FB-89B5-47FC-A24C-6FB4BFEA840E}.Debug|x64.Build.0 = Debug|x64
		{2CB7B6FB-89B5-47FC-A24C-6FB4BFEA840E}.Debug|x86.ActiveCfg = Debug|Win32
		{2CB7B6FB-89B5-47FC-A24C-6FB4BFEA840E}.Debug|x86.Build.0 = Debug|Win32
		{2CB7B6FB-89B5-47FC-A24C-6FB4BFEA840E}.Release|x64.ActiveCfg = Release|x64
		{2CB7B6FB-89B5-47FC-A24C-6FB4BFEA840E}.Release|x64.Build.0 = Release|x64
		{2CB7B6FB-89B5-47FC-A24C-6FB4BFEA840E}.Release|x86.ActiveCfg = Release|Win32
		{2CB7B6FB-89B5-47FC-A24C-6FB4BFEA840E}.Release|x86.Build.0 = Release|Win32
	EndGlobalSection
	GlobalSection(SolutionProperties) = preSolution
		HideSolutionNode = FALSE
	EndGlobalSection
	GlobalSection(ExtensibilityGlobals) = postSolution
		SolutionGuid = {D8EB6A9C-8717-487E-92E5-BEE0372A7784}
	EndGlobalSection
EndGlobal
