
Microsoft Visual Studio Solution File, Format Version 12.00
# Visual Studio Version 17
VisualStudioVersion = 17.0.31825.309
MinimumVisualStudioVersion = 10.0.40219.1
Project("{8BC9CEB8-8B4A-11D0-8D11-00A0C91BC942}") = "Task_1", "Task_1\Task_1.vcxproj", "{4F43490C-0C9C-4F3A-B11C-10DF2A2021BB}"
EndProject
Project("{8BC9CEB8-8B4A-11D0-8D11-00A0C91BC942}") = "Task_2", "Task_2\Task_2.vcxproj", "{4A84CC8D-F49A-4CF0-843C-5785BBA1B9F6}"
EndProject
Project("{8BC9CEB8-8B4A-11D0-8D11-00A0C91BC942}") = "Task_3", "Task_3\Task_3.vcxproj", "{BB8062F5-BECB-4AC7-BCEE-A670005BFF59}"
EndProject
Project("{8BC9CEB8-8B4A-11D0-8D11-00A0C91BC942}") = "Task_4", "Task_4\Task_4.vcxproj", "{6B10CD29-65A6-4258-96E9-B8410EDC674D}"
EndProject
Project("{8BC9CEB8-8B4A-11D0-8D11-00A0C91BC942}") = "Task_5", "Task_5\Task_5.vcxproj", "{811933A8-E3E8-4BE3-A5E6-863F143D0038}"
EndProject
Project("{8BC9CEB8-8B4A-11D0-8D11-00A0C91BC942}") = "Task_6", "Task_6\Task_6.vcxproj", "{737BE97E-9DB2-4B11-B6F3-FF24232D8A85}"
EndProject
Project("{8BC9CEB8-8B4A-11D0-8D11-00A0C91BC942}") = "Task_7", "Task_7\Task_7.vcxproj", "{1DC98023-2104-4C63-8C05-AEECCFBBF73B}"
EndProject
Project("{8BC9CEB8-8B4A-11D0-8D11-00A0C91BC942}") = "Task_8", "Task_8\Task_8.vcxproj", "{52E55B91-75D7-46EC-B517-B7800286C941}"
EndProject
Project("{8BC9CEB8-8B4A-11D0-8D11-00A0C91BC942}") = "Task_9", "Task_9\Task_9.vcxproj", "{2DCB72E7-0E4D-44FA-B124-F72A6DCA672B}"
EndProject
Project("{8BC9CEB8-8B4A-11D0-8D11-00A0C91BC942}") = "hkcgkgh", "hkcgkgh\hkcgkgh.vcxproj", "{C3C3763F-4CB7-4D82-86D6-54A657C5AD61}"
EndProject
Global
	GlobalSection(SolutionConfigurationPlatforms) = preSolution
		Debug|x64 = Debug|x64
		Debug|x86 = Debug|x86
		Release|x64 = Release|x64
		Release|x86 = Release|x86
	EndGlobalSection
	GlobalSection(ProjectConfigurationPlatforms) = postSolution
		{4F43490C-0C9C-4F3A-B11C-10DF2A2021BB}.Debug|x64.ActiveCfg = Debug|x64
		{4F43490C-0C9C-4F3A-B11C-10DF2A2021BB}.Debug|x64.Build.0 = Debug|x64
		{4F43490C-0C9C-4F3A-B11C-10DF2A2021BB}.Debug|x86.ActiveCfg = Debug|Win32
		{4F43490C-0C9C-4F3A-B11C-10DF2A2021BB}.Debug|x86.Build.0 = Debug|Win32
		{4F43490C-0C9C-4F3A-B11C-10DF2A2021BB}.Release|x64.ActiveCfg = Release|x64
		{4F43490C-0C9C-4F3A-B11C-10DF2A2021BB}.Release|x64.Build.0 = Release|x64
		{4F43490C-0C9C-4F3A-B11C-10DF2A2021BB}.Release|x86.ActiveCfg = Release|Win32
		{4F43490C-0C9C-4F3A-B11C-10DF2A2021BB}.Release|x86.Build.0 = Release|Win32
		{4A84CC8D-F49A-4CF0-843C-5785BBA1B9F6}.Debug|x64.ActiveCfg = Debug|x64
		{4A84CC8D-F49A-4CF0-843C-5785BBA1B9F6}.Debug|x64.Build.0 = Debug|x64
		{4A84CC8D-F49A-4CF0-843C-5785BBA1B9F6}.Debug|x86.ActiveCfg = Debug|Win32
		{4A84CC8D-F49A-4CF0-843C-5785BBA1B9F6}.Debug|x86.Build.0 = Debug|Win32
		{4A84CC8D-F49A-4CF0-843C-5785BBA1B9F6}.Release|x64.ActiveCfg = Release|x64
		{4A84CC8D-F49A-4CF0-843C-5785BBA1B9F6}.Release|x64.Build.0 = Release|x64
		{4A84CC8D-F49A-4CF0-843C-5785BBA1B9F6}.Release|x86.ActiveCfg = Release|Win32
		{4A84CC8D-F49A-4CF0-843C-5785BBA1B9F6}.Release|x86.Build.0 = Release|Win32
		{BB8062F5-BECB-4AC7-BCEE-A670005BFF59}.Debug|x64.ActiveCfg = Debug|x64
		{BB8062F5-BECB-4AC7-BCEE-A670005BFF59}.Debug|x64.Build.0 = Debug|x64
		{BB8062F5-BECB-4AC7-BCEE-A670005BFF59}.Debug|x86.ActiveCfg = Debug|Win32
		{BB8062F5-BECB-4AC7-BCEE-A670005BFF59}.Debug|x86.Build.0 = Debug|Win32
		{BB8062F5-BECB-4AC7-BCEE-A670005BFF59}.Release|x64.ActiveCfg = Release|x64
		{BB8062F5-BECB-4AC7-BCEE-A670005BFF59}.Release|x64.Build.0 = Release|x64
		{BB8062F5-BECB-4AC7-BCEE-A670005BFF59}.Release|x86.ActiveCfg = Release|Win32
		{BB8062F5-BECB-4AC7-BCEE-A670005BFF59}.Release|x86.Build.0 = Release|Win32
		{6B10CD29-65A6-4258-96E9-B8410EDC674D}.Debug|x64.ActiveCfg = Debug|x64
		{6B10CD29-65A6-4258-96E9-B8410EDC674D}.Debug|x64.Build.0 = Debug|x64
		{6B10CD29-65A6-4258-96E9-B8410EDC674D}.Debug|x86.ActiveCfg = Debug|Win32
		{6B10CD29-65A6-4258-96E9-B8410EDC674D}.Debug|x86.Build.0 = Debug|Win32
		{6B10CD29-65A6-4258-96E9-B8410EDC674D}.Release|x64.ActiveCfg = Release|x64
		{6B10CD29-65A6-4258-96E9-B8410EDC674D}.Release|x64.Build.0 = Release|x64
		{6B10CD29-65A6-4258-96E9-B8410EDC674D}.Release|x86.ActiveCfg = Release|Win32
		{6B10CD29-65A6-4258-96E9-B8410EDC674D}.Release|x86.Build.0 = Release|Win32
		{811933A8-E3E8-4BE3-A5E6-863F143D0038}.Debug|x64.ActiveCfg = Debug|x64
		{811933A8-E3E8-4BE3-A5E6-863F143D0038}.Debug|x64.Build.0 = Debug|x64
		{811933A8-E3E8-4BE3-A5E6-863F143D0038}.Debug|x86.ActiveCfg = Debug|Win32
		{811933A8-E3E8-4BE3-A5E6-863F143D0038}.Debug|x86.Build.0 = Debug|Win32
		{811933A8-E3E8-4BE3-A5E6-863F143D0038}.Release|x64.ActiveCfg = Release|x64
		{811933A8-E3E8-4BE3-A5E6-863F143D0038}.Release|x64.Build.0 = Release|x64
		{811933A8-E3E8-4BE3-A5E6-863F143D0038}.Release|x86.ActiveCfg = Release|Win32
		{811933A8-E3E8-4BE3-A5E6-863F143D0038}.Release|x86.Build.0 = Release|Win32
		{737BE97E-9DB2-4B11-B6F3-FF24232D8A85}.Debug|x64.ActiveCfg = Debug|x64
		{737BE97E-9DB2-4B11-B6F3-FF24232D8A85}.Debug|x64.Build.0 = Debug|x64
		{737BE97E-9DB2-4B11-B6F3-FF24232D8A85}.Debug|x86.ActiveCfg = Debug|Win32
		{737BE97E-9DB2-4B11-B6F3-FF24232D8A85}.Debug|x86.Build.0 = Debug|Win32
		{737BE97E-9DB2-4B11-B6F3-FF24232D8A85}.Release|x64.ActiveCfg = Release|x64
		{737BE97E-9DB2-4B11-B6F3-FF24232D8A85}.Release|x64.Build.0 = Release|x64
		{737BE97E-9DB2-4B11-B6F3-FF24232D8A85}.Release|x86.ActiveCfg = Release|Win32
		{737BE97E-9DB2-4B11-B6F3-FF24232D8A85}.Release|x86.Build.0 = Release|Win32
		{1DC98023-2104-4C63-8C05-AEECCFBBF73B}.Debug|x64.ActiveCfg = Debug|x64
		{1DC98023-2104-4C63-8C05-AEECCFBBF73B}.Debug|x64.Build.0 = Debug|x64
		{1DC98023-2104-4C63-8C05-AEECCFBBF73B}.Debug|x86.ActiveCfg = Debug|Win32
		{1DC98023-2104-4C63-8C05-AEECCFBBF73B}.Debug|x86.Build.0 = Debug|Win32
		{1DC98023-2104-4C63-8C05-AEECCFBBF73B}.Release|x64.ActiveCfg = Release|x64
		{1DC98023-2104-4C63-8C05-AEECCFBBF73B}.Release|x64.Build.0 = Release|x64
		{1DC98023-2104-4C63-8C05-AEECCFBBF73B}.Release|x86.ActiveCfg = Release|Win32
		{1DC98023-2104-4C63-8C05-AEECCFBBF73B}.Release|x86.Build.0 = Release|Win32
		{52E55B91-75D7-46EC-B517-B7800286C941}.Debug|x64.ActiveCfg = Debug|x64
		{52E55B91-75D7-46EC-B517-B7800286C941}.Debug|x64.Build.0 = Debug|x64
		{52E55B91-75D7-46EC-B517-B7800286C941}.Debug|x86.ActiveCfg = Debug|Win32
		{52E55B91-75D7-46EC-B517-B7800286C941}.Debug|x86.Build.0 = Debug|Win32
		{52E55B91-75D7-46EC-B517-B7800286C941}.Release|x64.ActiveCfg = Release|x64
		{52E55B91-75D7-46EC-B517-B7800286C941}.Release|x64.Build.0 = Release|x64
		{52E55B91-75D7-46EC-B517-B7800286C941}.Release|x86.ActiveCfg = Release|Win32
		{52E55B91-75D7-46EC-B517-B7800286C941}.Release|x86.Build.0 = Release|Win32
		{2DCB72E7-0E4D-44FA-B124-F72A6DCA672B}.Debug|x64.ActiveCfg = Debug|x64
		{2DCB72E7-0E4D-44FA-B124-F72A6DCA672B}.Debug|x64.Build.0 = Debug|x64
		{2DCB72E7-0E4D-44FA-B124-F72A6DCA672B}.Debug|x86.ActiveCfg = Debug|Win32
		{2DCB72E7-0E4D-44FA-B124-F72A6DCA672B}.Debug|x86.Build.0 = Debug|Win32
		{2DCB72E7-0E4D-44FA-B124-F72A6DCA672B}.Release|x64.ActiveCfg = Release|x64
		{2DCB72E7-0E4D-44FA-B124-F72A6DCA672B}.Release|x64.Build.0 = Release|x64
		{2DCB72E7-0E4D-44FA-B124-F72A6DCA672B}.Release|x86.ActiveCfg = Release|Win32
		{2DCB72E7-0E4D-44FA-B124-F72A6DCA672B}.Release|x86.Build.0 = Release|Win32
		{C3C3763F-4CB7-4D82-86D6-54A657C5AD61}.Debug|x64.ActiveCfg = Debug|x64
		{C3C3763F-4CB7-4D82-86D6-54A657C5AD61}.Debug|x64.Build.0 = Debug|x64
		{C3C3763F-4CB7-4D82-86D6-54A657C5AD61}.Debug|x86.ActiveCfg = Debug|Win32
		{C3C3763F-4CB7-4D82-86D6-54A657C5AD61}.Debug|x86.Build.0 = Debug|Win32
		{C3C3763F-4CB7-4D82-86D6-54A657C5AD61}.Release|x64.ActiveCfg = Release|x64
		{C3C3763F-4CB7-4D82-86D6-54A657C5AD61}.Release|x64.Build.0 = Release|x64
		{C3C3763F-4CB7-4D82-86D6-54A657C5AD61}.Release|x86.ActiveCfg = Release|Win32
		{C3C3763F-4CB7-4D82-86D6-54A657C5AD61}.Release|x86.Build.0 = Release|Win32
	EndGlobalSection
	GlobalSection(SolutionProperties) = preSolution
		HideSolutionNode = FALSE
	EndGlobalSection
	GlobalSection(ExtensibilityGlobals) = postSolution
		SolutionGuid = {85B96E01-7672-44DA-8705-CFDA88F96D0E}
	EndGlobalSection
EndGlobal
