
Microsoft Visual Studio Solution File, Format Version 12.00
# Visual Studio Version 17
VisualStudioVersion = 17.1.32407.343
MinimumVisualStudioVersion = 10.0.40219.1
Project("{9A19103F-16F7-4668-BE54-9A1E7A4F7556}") = "Lab_7", "Lab_7\Lab_7.csproj", "{695F29C9-50ED-4863-8E23-0104FBD1B8D7}"
EndProject
Project("{FAE04EC0-301F-11D3-BF4B-00C04F79EFBC}") = "Lab_7_Tests", "Lab_7_Tests\Lab_7_Tests.csproj", "{FBF2291B-F9E7-429A-A506-0448A19E902A}"
EndProject
Global
	GlobalSection(SolutionConfigurationPlatforms) = preSolution
		Debug|Any CPU = Debug|Any CPU
		Release|Any CPU = Release|Any CPU
	EndGlobalSection
	GlobalSection(ProjectConfigurationPlatforms) = postSolution
		{695F29C9-50ED-4863-8E23-0104FBD1B8D7}.Debug|Any CPU.ActiveCfg = Debug|Any CPU
		{695F29C9-50ED-4863-8E23-0104FBD1B8D7}.Debug|Any CPU.Build.0 = Debug|Any CPU
		{695F29C9-50ED-4863-8E23-0104FBD1B8D7}.Release|Any CPU.ActiveCfg = Release|Any CPU
		{695F29C9-50ED-4863-8E23-0104FBD1B8D7}.Release|Any CPU.Build.0 = Release|Any CPU
		{FBF2291B-F9E7-429A-A506-0448A19E902A}.Debug|Any CPU.ActiveCfg = Debug|Any CPU
		{FBF2291B-F9E7-429A-A506-0448A19E902A}.Debug|Any CPU.Build.0 = Debug|Any CPU
		{FBF2291B-F9E7-429A-A506-0448A19E902A}.Release|Any CPU.ActiveCfg = Release|Any CPU
		{FBF2291B-F9E7-429A-A506-0448A19E902A}.Release|Any CPU.Build.0 = Release|Any CPU
	EndGlobalSection
	GlobalSection(SolutionProperties) = preSolution
		HideSolutionNode = FALSE
	EndGlobalSection
	GlobalSection(ExtensibilityGlobals) = postSolution
		SolutionGuid = {9DB4A3E6-1F32-403C-8775-5814CBBB6083}
	EndGlobalSection
EndGlobal
