
Microsoft Visual Studio Solution File, Format Version 12.00
# Visual Studio Version 17
VisualStudioVersion = 17.1.32407.343
MinimumVisualStudioVersion = 10.0.40219.1
Project("{8BC9CEB8-8B4A-11D0-8D11-00A0C91BC942}") = "Task_1", "Task_1\Task_1.vcxproj", "{13AB12CC-1B6B-4425-A941-8062208238D0}"
EndProject
Project("{8BC9CEB8-8B4A-11D0-8D11-00A0C91BC942}") = "String", "String\String.vcxproj", "{31853008-6E15-4C5E-A9C3-4288427913A4}"
EndProject
Project("{8BC9CEB8-8B4A-11D0-8D11-00A0C91BC942}") = "Vector", "Vector\Vector.vcxproj", "{B2D54497-FB83-41E8-AF0D-F49D35F2C6CD}"
EndProject
Project("{8BC9CEB8-8B4A-11D0-8D11-00A0C91BC942}") = "MyVector", "MyVector\MyVector.vcxproj", "{9767537B-A1CF-4766-80B8-0841EE13E175}"
EndProject
Global
	GlobalSection(SolutionConfigurationPlatforms) = preSolution
		Debug|x64 = Debug|x64
		Debug|x86 = Debug|x86
		Release|x64 = Release|x64
		Release|x86 = Release|x86
	EndGlobalSection
	GlobalSection(ProjectConfigurationPlatforms) = postSolution
		{13AB12CC-1B6B-4425-A941-8062208238D0}.Debug|x64.ActiveCfg = Debug|x64
		{13AB12CC-1B6B-4425-A941-8062208238D0}.Debug|x64.Build.0 = Debug|x64
		{13AB12CC-1B6B-4425-A941-8062208238D0}.Debug|x86.ActiveCfg = Debug|x64
		{13AB12CC-1B6B-4425-A941-8062208238D0}.Debug|x86.Build.0 = Debug|x64
		{13AB12CC-1B6B-4425-A941-8062208238D0}.Release|x64.ActiveCfg = Release|x64
		{13AB12CC-1B6B-4425-A941-8062208238D0}.Release|x64.Build.0 = Release|x64
		{13AB12CC-1B6B-4425-A941-8062208238D0}.Release|x86.ActiveCfg = Release|x64
		{13AB12CC-1B6B-4425-A941-8062208238D0}.Release|x86.Build.0 = Release|x64
		{31853008-6E15-4C5E-A9C3-4288427913A4}.Debug|x64.ActiveCfg = Debug|x64
		{31853008-6E15-4C5E-A9C3-4288427913A4}.Debug|x64.Build.0 = Debug|x64
		{31853008-6E15-4C5E-A9C3-4288427913A4}.Debug|x86.ActiveCfg = Debug|x64
		{31853008-6E15-4C5E-A9C3-4288427913A4}.Debug|x86.Build.0 = Debug|x64
		{31853008-6E15-4C5E-A9C3-4288427913A4}.Release|x64.ActiveCfg = Release|x64
		{31853008-6E15-4C5E-A9C3-4288427913A4}.Release|x64.Build.0 = Release|x64
		{31853008-6E15-4C5E-A9C3-4288427913A4}.Release|x86.ActiveCfg = Release|x64
		{31853008-6E15-4C5E-A9C3-4288427913A4}.Release|x86.Build.0 = Release|x64
		{B2D54497-FB83-41E8-AF0D-F49D35F2C6CD}.Debug|x64.ActiveCfg = Debug|x64
		{B2D54497-FB83-41E8-AF0D-F49D35F2C6CD}.Debug|x64.Build.0 = Debug|x64
		{B2D54497-FB83-41E8-AF0D-F49D35F2C6CD}.Debug|x86.ActiveCfg = Debug|x64
		{B2D54497-FB83-41E8-AF0D-F49D35F2C6CD}.Debug|x86.Build.0 = Debug|x64
		{B2D54497-FB83-41E8-AF0D-F49D35F2C6CD}.Release|x64.ActiveCfg = Release|x64
		{B2D54497-FB83-41E8-AF0D-F49D35F2C6CD}.Release|x64.Build.0 = Release|x64
		{B2D54497-FB83-41E8-AF0D-F49D35F2C6CD}.Release|x86.ActiveCfg = Release|x64
		{B2D54497-FB83-41E8-AF0D-F49D35F2C6CD}.Release|x86.Build.0 = Release|x64
		{9767537B-A1CF-4766-80B8-0841EE13E175}.Debug|x64.ActiveCfg = Debug|x64
		{9767537B-A1CF-4766-80B8-0841EE13E175}.Debug|x64.Build.0 = Debug|x64
		{9767537B-A1CF-4766-80B8-0841EE13E175}.Debug|x86.ActiveCfg = Debug|Win32
		{9767537B-A1CF-4766-80B8-0841EE13E175}.Debug|x86.Build.0 = Debug|Win32
		{9767537B-A1CF-4766-80B8-0841EE13E175}.Release|x64.ActiveCfg = Release|x64
		{9767537B-A1CF-4766-80B8-0841EE13E175}.Release|x64.Build.0 = Release|x64
		{9767537B-A1CF-4766-80B8-0841EE13E175}.Release|x86.ActiveCfg = Release|Win32
		{9767537B-A1CF-4766-80B8-0841EE13E175}.Release|x86.Build.0 = Release|Win32
	EndGlobalSection
	GlobalSection(SolutionProperties) = preSolution
		HideSolutionNode = FALSE
	EndGlobalSection
	GlobalSection(ExtensibilityGlobals) = postSolution
		SolutionGuid = {86C1E1E7-FB6B-4073-B6DB-D19DDFC40CBE}
	EndGlobalSection
EndGlobal
