
Microsoft Visual Studio Solution File, Format Version 12.00
# Visual Studio Version 17
VisualStudioVersion = 17.1.32319.34
MinimumVisualStudioVersion = 10.0.40219.1
Project("{FAE04EC0-301F-11D3-BF4B-00C04F79EFBC}") = "Lab_4", "Lab_4\Lab_4.csproj", "{C9F04346-C5A8-4FA7-9367-588A6BCEC911}"
EndProject
Project("{FAE04EC0-301F-11D3-BF4B-00C04F79EFBC}") = "TestProject1", "TestProject1\TestProject1.csproj", "{782AD786-4B66-4DC9-A2D4-BE852252A066}"
EndProject
Global
	GlobalSection(SolutionConfigurationPlatforms) = preSolution
		Debug|Any CPU = Debug|Any CPU
		Release|Any CPU = Release|Any CPU
	EndGlobalSection
	GlobalSection(ProjectConfigurationPlatforms) = postSolution
		{C9F04346-C5A8-4FA7-9367-588A6BCEC911}.Debug|Any CPU.ActiveCfg = Debug|Any CPU
		{C9F04346-C5A8-4FA7-9367-588A6BCEC911}.Debug|Any CPU.Build.0 = Debug|Any CPU
		{C9F04346-C5A8-4FA7-9367-588A6BCEC911}.Release|Any CPU.ActiveCfg = Release|Any CPU
		{C9F04346-C5A8-4FA7-9367-588A6BCEC911}.Release|Any CPU.Build.0 = Release|Any CPU
		{782AD786-4B66-4DC9-A2D4-BE852252A066}.Debug|Any CPU.ActiveCfg = Debug|Any CPU
		{782AD786-4B66-4DC9-A2D4-BE852252A066}.Debug|Any CPU.Build.0 = Debug|Any CPU
		{782AD786-4B66-4DC9-A2D4-BE852252A066}.Release|Any CPU.ActiveCfg = Release|Any CPU
		{782AD786-4B66-4DC9-A2D4-BE852252A066}.Release|Any CPU.Build.0 = Release|Any CPU
	EndGlobalSection
	GlobalSection(SolutionProperties) = preSolution
		HideSolutionNode = FALSE
	EndGlobalSection
	GlobalSection(ExtensibilityGlobals) = postSolution
		SolutionGuid = {5B190E54-53A0-4662-9943-9580B0985074}
	EndGlobalSection
EndGlobal
