
Microsoft Visual Studio Solution File, Format Version 12.00
# Visual Studio Version 17
VisualStudioVersion = 17.3.32825.248
MinimumVisualStudioVersion = 10.0.40219.1
Project("{FAE04EC0-301F-11D3-BF4B-00C04F79EFBC}") = "Lab_3", "Lab_3\Lab_3.csproj", "{9AA132E5-50D7-436C-B723-AD7C6EC0ED9D}"
EndProject
Global
	GlobalSection(SolutionConfigurationPlatforms) = preSolution
		Debug|Any CPU = Debug|Any CPU
		Release|Any CPU = Release|Any CPU
	EndGlobalSection
	GlobalSection(ProjectConfigurationPlatforms) = postSolution
		{9AA132E5-50D7-436C-B723-AD7C6EC0ED9D}.Debug|Any CPU.ActiveCfg = Debug|Any CPU
		{9AA132E5-50D7-436C-B723-AD7C6EC0ED9D}.Debug|Any CPU.Build.0 = Debug|Any CPU
		{9AA132E5-50D7-436C-B723-AD7C6EC0ED9D}.Release|Any CPU.ActiveCfg = Release|Any CPU
		{9AA132E5-50D7-436C-B723-AD7C6EC0ED9D}.Release|Any CPU.Build.0 = Release|Any CPU
	EndGlobalSection
	GlobalSection(SolutionProperties) = preSolution
		HideSolutionNode = FALSE
	EndGlobalSection
	GlobalSection(ExtensibilityGlobals) = postSolution
		SolutionGuid = {28776DEF-2D25-48D9-A684-EC7BD5C78EFE}
	EndGlobalSection
EndGlobal
