
Microsoft Visual Studio Solution File, Format Version 12.00
# Visual Studio 15
VisualStudioVersion = 15.0.28307.1622
MinimumVisualStudioVersion = 10.0.40219.1
Project("{8BC9CEB8-8B4A-11D0-8D11-00A0C91BC942}") = "task_1", "task_1\task_1.vcxproj", "{B23BBBC5-2377-4AA0-A91C-6A0C4EB0A8BC}"
EndProject
Project("{8BC9CEB8-8B4A-11D0-8D11-00A0C91BC942}") = "task_2", "task_2\task_2.vcxproj", "{49A041DA-AA66-4A95-A12E-F84ED0299B2C}"
EndProject
Project("{8BC9CEB8-8B4A-11D0-8D11-00A0C91BC942}") = "task_3", "task_3\task_3.vcxproj", "{63850A8B-0709-4717-92D7-C4ECCF39B446}"
EndProject
Project("{8BC9CEB8-8B4A-11D0-8D11-00A0C91BC942}") = "task_4", "task_4\task_4.vcxproj", "{BB6E8A48-FE62-495D-A0CA-4CA19C738962}"
EndProject
Project("{8BC9CEB8-8B4A-11D0-8D11-00A0C91BC942}") = "task_5", "task_5\task_5.vcxproj", "{CA3D69A5-6526-4720-9552-072EF9B2EFD6}"
EndProject
Project("{8BC9CEB8-8B4A-11D0-8D11-00A0C91BC942}") = "task_6", "task_6\task_6.vcxproj", "{595858B6-EF7D-4F1B-9CD2-E0A019635998}"
EndProject
Project("{8BC9CEB8-8B4A-11D0-8D11-00A0C91BC942}") = "task_7", "task_7\task_7.vcxproj", "{1295290B-E738-4A06-A168-5DB5E98478E6}"
EndProject
Project("{8BC9CEB8-8B4A-11D0-8D11-00A0C91BC942}") = "task_8", "task_8\task_8.vcxproj", "{4337D3D0-DB4B-4321-9585-37FB5E3F4960}"
EndProject
Project("{8BC9CEB8-8B4A-11D0-8D11-00A0C91BC942}") = "task_9", "task_9\task_9.vcxproj", "{3F59F70F-F157-435C-803E-78C30EFB236C}"
EndProject
Project("{8BC9CEB8-8B4A-11D0-8D11-00A0C91BC942}") = "task_10", "task_10\task_10.vcxproj", "{C7E64BA4-2CD3-4EE7-B39A-A70A06E341E8}"
EndProject
Project("{8BC9CEB8-8B4A-11D0-8D11-00A0C91BC942}") = "task_11", "task_11\task_11.vcxproj", "{940A4384-B2F9-42EC-B0EA-ABC3AB5A49B3}"
EndProject
Project("{8BC9CEB8-8B4A-11D0-8D11-00A0C91BC942}") = "task_12", "task_12\task_12.vcxproj", "{73E05CCA-8916-4107-A213-F887AFBDAA5F}"
EndProject
Project("{8BC9CEB8-8B4A-11D0-8D11-00A0C91BC942}") = "task_13", "task_13\task_13.vcxproj", "{A4B51556-8F7A-4868-9565-CA3CECF4612C}"
EndProject
Project("{8BC9CEB8-8B4A-11D0-8D11-00A0C91BC942}") = "task_14", "task_14\task_14.vcxproj", "{4DFE2600-2980-4847-A781-221A5A27C032}"
EndProject
Project("{8BC9CEB8-8B4A-11D0-8D11-00A0C91BC942}") = "task_15", "task_15\task_15.vcxproj", "{B4BCEFCE-B91E-4323-A638-60173360A16E}"
EndProject
Project("{8BC9CEB8-8B4A-11D0-8D11-00A0C91BC942}") = "task_16", "task_16\task_16.vcxproj", "{7602CC63-8AC2-4261-9455-F7F322A2F154}"
EndProject
Project("{8BC9CEB8-8B4A-11D0-8D11-00A0C91BC942}") = "task_17", "task_17\task_17.vcxproj", "{F5DDCF95-3CCF-426B-BA80-4D05C1EC0781}"
EndProject
Global
	GlobalSection(SolutionConfigurationPlatforms) = preSolution
		Debug|x64 = Debug|x64
		Debug|x86 = Debug|x86
		Release|x64 = Release|x64
		Release|x86 = Release|x86
	EndGlobalSection
	GlobalSection(ProjectConfigurationPlatforms) = postSolution
		{B23BBBC5-2377-4AA0-A91C-6A0C4EB0A8BC}.Debug|x64.ActiveCfg = Debug|x64
		{B23BBBC5-2377-4AA0-A91C-6A0C4EB0A8BC}.Debug|x64.Build.0 = Debug|x64
		{B23BBBC5-2377-4AA0-A91C-6A0C4EB0A8BC}.Debug|x86.ActiveCfg = Debug|Win32
		{B23BBBC5-2377-4AA0-A91C-6A0C4EB0A8BC}.Debug|x86.Build.0 = Debug|Win32
		{B23BBBC5-2377-4AA0-A91C-6A0C4EB0A8BC}.Release|x64.ActiveCfg = Release|x64
		{B23BBBC5-2377-4AA0-A91C-6A0C4EB0A8BC}.Release|x64.Build.0 = Release|x64
		{B23BBBC5-2377-4AA0-A91C-6A0C4EB0A8BC}.Release|x86.ActiveCfg = Release|Win32
		{B23BBBC5-2377-4AA0-A91C-6A0C4EB0A8BC}.Release|x86.Build.0 = Release|Win32
		{49A041DA-AA66-4A95-A12E-F84ED0299B2C}.Debug|x64.ActiveCfg = Debug|x64
		{49A041DA-AA66-4A95-A12E-F84ED0299B2C}.Debug|x64.Build.0 = Debug|x64
		{49A041DA-AA66-4A95-A12E-F84ED0299B2C}.Debug|x86.ActiveCfg = Debug|Win32
		{49A041DA-AA66-4A95-A12E-F84ED0299B2C}.Debug|x86.Build.0 = Debug|Win32
		{49A041DA-AA66-4A95-A12E-F84ED0299B2C}.Release|x64.ActiveCfg = Release|x64
		{49A041DA-AA66-4A95-A12E-F84ED0299B2C}.Release|x64.Build.0 = Release|x64
		{49A041DA-AA66-4A95-A12E-F84ED0299B2C}.Release|x86.ActiveCfg = Release|Win32
		{49A041DA-AA66-4A95-A12E-F84ED0299B2C}.Release|x86.Build.0 = Release|Win32
		{63850A8B-0709-4717-92D7-C4ECCF39B446}.Debug|x64.ActiveCfg = Debug|x64
		{63850A8B-0709-4717-92D7-C4ECCF39B446}.Debug|x64.Build.0 = Debug|x64
		{63850A8B-0709-4717-92D7-C4ECCF39B446}.Debug|x86.ActiveCfg = Debug|Win32
		{63850A8B-0709-4717-92D7-C4ECCF39B446}.Debug|x86.Build.0 = Debug|Win32
		{63850A8B-0709-4717-92D7-C4ECCF39B446}.Release|x64.ActiveCfg = Release|x64
		{63850A8B-0709-4717-92D7-C4ECCF39B446}.Release|x64.Build.0 = Release|x64
		{63850A8B-0709-4717-92D7-C4ECCF39B446}.Release|x86.ActiveCfg = Release|Win32
		{63850A8B-0709-4717-92D7-C4ECCF39B446}.Release|x86.Build.0 = Release|Win32
		{BB6E8A48-FE62-495D-A0CA-4CA19C738962}.Debug|x64.ActiveCfg = Debug|x64
		{BB6E8A48-FE62-495D-A0CA-4CA19C738962}.Debug|x64.Build.0 = Debug|x64
		{BB6E8A48-FE62-495D-A0CA-4CA19C738962}.Debug|x86.ActiveCfg = Debug|Win32
		{BB6E8A48-FE62-495D-A0CA-4CA19C738962}.Debug|x86.Build.0 = Debug|Win32
		{BB6E8A48-FE62-495D-A0CA-4CA19C738962}.Release|x64.ActiveCfg = Release|x64
		{BB6E8A48-FE62-495D-A0CA-4CA19C738962}.Release|x64.Build.0 = Release|x64
		{BB6E8A48-FE62-495D-A0CA-4CA19C738962}.Release|x86.ActiveCfg = Release|Win32
		{BB6E8A48-FE62-495D-A0CA-4CA19C738962}.Release|x86.Build.0 = Release|Win32
		{CA3D69A5-6526-4720-9552-072EF9B2EFD6}.Debug|x64.ActiveCfg = Debug|x64
		{CA3D69A5-6526-4720-9552-072EF9B2EFD6}.Debug|x64.Build.0 = Debug|x64
		{CA3D69A5-6526-4720-9552-072EF9B2EFD6}.Debug|x86.ActiveCfg = Debug|Win32
		{CA3D69A5-6526-4720-9552-072EF9B2EFD6}.Debug|x86.Build.0 = Debug|Win32
		{CA3D69A5-6526-4720-9552-072EF9B2EFD6}.Release|x64.ActiveCfg = Release|x64
		{CA3D69A5-6526-4720-9552-072EF9B2EFD6}.Release|x64.Build.0 = Release|x64
		{CA3D69A5-6526-4720-9552-072EF9B2EFD6}.Release|x86.ActiveCfg = Release|Win32
		{CA3D69A5-6526-4720-9552-072EF9B2EFD6}.Release|x86.Build.0 = Release|Win32
		{595858B6-EF7D-4F1B-9CD2-E0A019635998}.Debug|x64.ActiveCfg = Debug|x64
		{595858B6-EF7D-4F1B-9CD2-E0A019635998}.Debug|x64.Build.0 = Debug|x64
		{595858B6-EF7D-4F1B-9CD2-E0A019635998}.Debug|x86.ActiveCfg = Debug|Win32
		{595858B6-EF7D-4F1B-9CD2-E0A019635998}.Debug|x86.Build.0 = Debug|Win32
		{595858B6-EF7D-4F1B-9CD2-E0A019635998}.Release|x64.ActiveCfg = Release|x64
		{595858B6-EF7D-4F1B-9CD2-E0A019635998}.Release|x64.Build.0 = Release|x64
		{595858B6-EF7D-4F1B-9CD2-E0A019635998}.Release|x86.ActiveCfg = Release|Win32
		{595858B6-EF7D-4F1B-9CD2-E0A019635998}.Release|x86.Build.0 = Release|Win32
		{1295290B-E738-4A06-A168-5DB5E98478E6}.Debug|x64.ActiveCfg = Debug|x64
		{1295290B-E738-4A06-A168-5DB5E98478E6}.Debug|x64.Build.0 = Debug|x64
		{1295290B-E738-4A06-A168-5DB5E98478E6}.Debug|x86.ActiveCfg = Debug|Win32
		{1295290B-E738-4A06-A168-5DB5E98478E6}.Debug|x86.Build.0 = Debug|Win32
		{1295290B-E738-4A06-A168-5DB5E98478E6}.Release|x64.ActiveCfg = Release|x64
		{1295290B-E738-4A06-A168-5DB5E98478E6}.Release|x64.Build.0 = Release|x64
		{1295290B-E738-4A06-A168-5DB5E98478E6}.Release|x86.ActiveCfg = Release|Win32
		{1295290B-E738-4A06-A168-5DB5E98478E6}.Release|x86.Build.0 = Release|Win32
		{4337D3D0-DB4B-4321-9585-37FB5E3F4960}.Debug|x64.ActiveCfg = Debug|x64
		{4337D3D0-DB4B-4321-9585-37FB5E3F4960}.Debug|x64.Build.0 = Debug|x64
		{4337D3D0-DB4B-4321-9585-37FB5E3F4960}.Debug|x86.ActiveCfg = Debug|Win32
		{4337D3D0-DB4B-4321-9585-37FB5E3F4960}.Debug|x86.Build.0 = Debug|Win32
		{4337D3D0-DB4B-4321-9585-37FB5E3F4960}.Release|x64.ActiveCfg = Release|x64
		{4337D3D0-DB4B-4321-9585-37FB5E3F4960}.Release|x64.Build.0 = Release|x64
		{4337D3D0-DB4B-4321-9585-37FB5E3F4960}.Release|x86.ActiveCfg = Release|Win32
		{4337D3D0-DB4B-4321-9585-37FB5E3F4960}.Release|x86.Build.0 = Release|Win32
		{3F59F70F-F157-435C-803E-78C30EFB236C}.Debug|x64.ActiveCfg = Debug|x64
		{3F59F70F-F157-435C-803E-78C30EFB236C}.Debug|x64.Build.0 = Debug|x64
		{3F59F70F-F157-435C-803E-78C30EFB236C}.Debug|x86.ActiveCfg = Debug|Win32
		{3F59F70F-F157-435C-803E-78C30EFB236C}.Debug|x86.Build.0 = Debug|Win32
		{3F59F70F-F157-435C-803E-78C30EFB236C}.Release|x64.ActiveCfg = Release|x64
		{3F59F70F-F157-435C-803E-78C30EFB236C}.Release|x64.Build.0 = Release|x64
		{3F59F70F-F157-435C-803E-78C30EFB236C}.Release|x86.ActiveCfg = Release|Win32
		{3F59F70F-F157-435C-803E-78C30EFB236C}.Release|x86.Build.0 = Release|Win32
		{C7E64BA4-2CD3-4EE7-B39A-A70A06E341E8}.Debug|x64.ActiveCfg = Debug|x64
		{C7E64BA4-2CD3-4EE7-B39A-A70A06E341E8}.Debug|x64.Build.0 = Debug|x64
		{C7E64BA4-2CD3-4EE7-B39A-A70A06E341E8}.Debug|x86.ActiveCfg = Debug|Win32
		{C7E64BA4-2CD3-4EE7-B39A-A70A06E341E8}.Debug|x86.Build.0 = Debug|Win32
		{C7E64BA4-2CD3-4EE7-B39A-A70A06E341E8}.Release|x64.ActiveCfg = Release|x64
		{C7E64BA4-2CD3-4EE7-B39A-A70A06E341E8}.Release|x64.Build.0 = Release|x64
		{C7E64BA4-2CD3-4EE7-B39A-A70A06E341E8}.Release|x86.ActiveCfg = Release|Win32
		{C7E64BA4-2CD3-4EE7-B39A-A70A06E341E8}.Release|x86.Build.0 = Release|Win32
		{940A4384-B2F9-42EC-B0EA-ABC3AB5A49B3}.Debug|x64.ActiveCfg = Debug|x64
		{940A4384-B2F9-42EC-B0EA-ABC3AB5A49B3}.Debug|x64.Build.0 = Debug|x64
		{940A4384-B2F9-42EC-B0EA-ABC3AB5A49B3}.Debug|x86.ActiveCfg = Debug|Win32
		{940A4384-B2F9-42EC-B0EA-ABC3AB5A49B3}.Debug|x86.Build.0 = Debug|Win32
		{940A4384-B2F9-42EC-B0EA-ABC3AB5A49B3}.Release|x64.ActiveCfg = Release|x64
		{940A4384-B2F9-42EC-B0EA-ABC3AB5A49B3}.Release|x64.Build.0 = Release|x64
		{940A4384-B2F9-42EC-B0EA-ABC3AB5A49B3}.Release|x86.ActiveCfg = Release|Win32
		{940A4384-B2F9-42EC-B0EA-ABC3AB5A49B3}.Release|x86.Build.0 = Release|Win32
		{73E05CCA-8916-4107-A213-F887AFBDAA5F}.Debug|x64.ActiveCfg = Debug|x64
		{73E05CCA-8916-4107-A213-F887AFBDAA5F}.Debug|x64.Build.0 = Debug|x64
		{73E05CCA-8916-4107-A213-F887AFBDAA5F}.Debug|x86.ActiveCfg = Debug|Win32
		{73E05CCA-8916-4107-A213-F887AFBDAA5F}.Debug|x86.Build.0 = Debug|Win32
		{73E05CCA-8916-4107-A213-F887AFBDAA5F}.Release|x64.ActiveCfg = Release|x64
		{73E05CCA-8916-4107-A213-F887AFBDAA5F}.Release|x64.Build.0 = Release|x64
		{73E05CCA-8916-4107-A213-F887AFBDAA5F}.Release|x86.ActiveCfg = Release|Win32
		{73E05CCA-8916-4107-A213-F887AFBDAA5F}.Release|x86.Build.0 = Release|Win32
		{A4B51556-8F7A-4868-9565-CA3CECF4612C}.Debug|x64.ActiveCfg = Debug|x64
		{A4B51556-8F7A-4868-9565-CA3CECF4612C}.Debug|x64.Build.0 = Debug|x64
		{A4B51556-8F7A-4868-9565-CA3CECF4612C}.Debug|x86.ActiveCfg = Debug|Win32
		{A4B51556-8F7A-4868-9565-CA3CECF4612C}.Debug|x86.Build.0 = Debug|Win32
		{A4B51556-8F7A-4868-9565-CA3CECF4612C}.Release|x64.ActiveCfg = Release|x64
		{A4B51556-8F7A-4868-9565-CA3CECF4612C}.Release|x64.Build.0 = Release|x64
		{A4B51556-8F7A-4868-9565-CA3CECF4612C}.Release|x86.ActiveCfg = Release|Win32
		{A4B51556-8F7A-4868-9565-CA3CECF4612C}.Release|x86.Build.0 = Release|Win32
		{4DFE2600-2980-4847-A781-221A5A27C032}.Debug|x64.ActiveCfg = Debug|x64
		{4DFE2600-2980-4847-A781-221A5A27C032}.Debug|x64.Build.0 = Debug|x64
		{4DFE2600-2980-4847-A781-221A5A27C032}.Debug|x86.ActiveCfg = Debug|Win32
		{4DFE2600-2980-4847-A781-221A5A27C032}.Debug|x86.Build.0 = Debug|Win32
		{4DFE2600-2980-4847-A781-221A5A27C032}.Release|x64.ActiveCfg = Release|x64
		{4DFE2600-2980-4847-A781-221A5A27C032}.Release|x64.Build.0 = Release|x64
		{4DFE2600-2980-4847-A781-221A5A27C032}.Release|x86.ActiveCfg = Release|Win32
		{4DFE2600-2980-4847-A781-221A5A27C032}.Release|x86.Build.0 = Release|Win32
		{B4BCEFCE-B91E-4323-A638-60173360A16E}.Debug|x64.ActiveCfg = Debug|x64
		{B4BCEFCE-B91E-4323-A638-60173360A16E}.Debug|x64.Build.0 = Debug|x64
		{B4BCEFCE-B91E-4323-A638-60173360A16E}.Debug|x86.ActiveCfg = Debug|Win32
		{B4BCEFCE-B91E-4323-A638-60173360A16E}.Debug|x86.Build.0 = Debug|Win32
		{B4BCEFCE-B91E-4323-A638-60173360A16E}.Release|x64.ActiveCfg = Release|x64
		{B4BCEFCE-B91E-4323-A638-60173360A16E}.Release|x64.Build.0 = Release|x64
		{B4BCEFCE-B91E-4323-A638-60173360A16E}.Release|x86.ActiveCfg = Release|Win32
		{B4BCEFCE-B91E-4323-A638-60173360A16E}.Release|x86.Build.0 = Release|Win32
		{7602CC63-8AC2-4261-9455-F7F322A2F154}.Debug|x64.ActiveCfg = Debug|x64
		{7602CC63-8AC2-4261-9455-F7F322A2F154}.Debug|x64.Build.0 = Debug|x64
		{7602CC63-8AC2-4261-9455-F7F322A2F154}.Debug|x86.ActiveCfg = Debug|Win32
		{7602CC63-8AC2-4261-9455-F7F322A2F154}.Debug|x86.Build.0 = Debug|Win32
		{7602CC63-8AC2-4261-9455-F7F322A2F154}.Release|x64.ActiveCfg = Release|x64
		{7602CC63-8AC2-4261-9455-F7F322A2F154}.Release|x64.Build.0 = Release|x64
		{7602CC63-8AC2-4261-9455-F7F322A2F154}.Release|x86.ActiveCfg = Release|Win32
		{7602CC63-8AC2-4261-9455-F7F322A2F154}.Release|x86.Build.0 = Release|Win32
		{F5DDCF95-3CCF-426B-BA80-4D05C1EC0781}.Debug|x64.ActiveCfg = Debug|x64
		{F5DDCF95-3CCF-426B-BA80-4D05C1EC0781}.Debug|x64.Build.0 = Debug|x64
		{F5DDCF95-3CCF-426B-BA80-4D05C1EC0781}.Debug|x86.ActiveCfg = Debug|Win32
		{F5DDCF95-3CCF-426B-BA80-4D05C1EC0781}.Debug|x86.Build.0 = Debug|Win32
		{F5DDCF95-3CCF-426B-BA80-4D05C1EC0781}.Release|x64.ActiveCfg = Release|x64
		{F5DDCF95-3CCF-426B-BA80-4D05C1EC0781}.Release|x64.Build.0 = Release|x64
		{F5DDCF95-3CCF-426B-BA80-4D05C1EC0781}.Release|x86.ActiveCfg = Release|Win32
		{F5DDCF95-3CCF-426B-BA80-4D05C1EC0781}.Release|x86.Build.0 = Release|Win32
	EndGlobalSection
	GlobalSection(SolutionProperties) = preSolution
		HideSolutionNode = FALSE
	EndGlobalSection
	GlobalSection(ExtensibilityGlobals) = postSolution
		SolutionGuid = {37CFB721-0EAB-4C23-B539-0770234CCC16}
	EndGlobalSection
EndGlobal
