
Microsoft Visual Studio Solution File, Format Version 12.00
# Visual Studio Version 17
VisualStudioVersion = 17.3.32825.248
MinimumVisualStudioVersion = 10.0.40219.1
Project("{FAE04EC0-301F-11D3-BF4B-00C04F79EFBC}") = "153503_Shchirov_Lab_5", "153503_Shchirov_Lab_5\153503_Shchirov_Lab_5.csproj", "{C66EBB38-5D59-4205-8DB2-0AF9D30F9370}"
EndProject
Project("{FAE04EC0-301F-11D3-BF4B-00C04F79EFBC}") = "153503_Shchirov_Lab_5.Domain", "153503_Shchirov_Lab_5.Domain\153503_Shchirov_Lab_5.Domain.csproj", "{A48FEA13-CD34-4EAE-A4F3-244BBFA61318}"
EndProject
Project("{FAE04EC0-301F-11D3-BF4B-00C04F79EFBC}") = "Serializer", "Serializer\Serializer.csproj", "{FF0BA080-896F-4BB3-A9F7-71612DCE0199}"
EndProject
Global
	GlobalSection(SolutionConfigurationPlatforms) = preSolution
		Debug|Any CPU = Debug|Any CPU
		Release|Any CPU = Release|Any CPU
	EndGlobalSection
	GlobalSection(ProjectConfigurationPlatforms) = postSolution
		{C66EBB38-5D59-4205-8DB2-0AF9D30F9370}.Debug|Any CPU.ActiveCfg = Debug|Any CPU
		{C66EBB38-5D59-4205-8DB2-0AF9D30F9370}.Debug|Any CPU.Build.0 = Debug|Any CPU
		{C66EBB38-5D59-4205-8DB2-0AF9D30F9370}.Release|Any CPU.ActiveCfg = Release|Any CPU
		{C66EBB38-5D59-4205-8DB2-0AF9D30F9370}.Release|Any CPU.Build.0 = Release|Any CPU
		{A48FEA13-CD34-4EAE-A4F3-244BBFA61318}.Debug|Any CPU.ActiveCfg = Debug|Any CPU
		{A48FEA13-CD34-4EAE-A4F3-244BBFA61318}.Debug|Any CPU.Build.0 = Debug|Any CPU
		{A48FEA13-CD34-4EAE-A4F3-244BBFA61318}.Release|Any CPU.ActiveCfg = Release|Any CPU
		{A48FEA13-CD34-4EAE-A4F3-244BBFA61318}.Release|Any CPU.Build.0 = Release|Any CPU
		{FF0BA080-896F-4BB3-A9F7-71612DCE0199}.Debug|Any CPU.ActiveCfg = Debug|Any CPU
		{FF0BA080-896F-4BB3-A9F7-71612DCE0199}.Debug|Any CPU.Build.0 = Debug|Any CPU
		{FF0BA080-896F-4BB3-A9F7-71612DCE0199}.Release|Any CPU.ActiveCfg = Release|Any CPU
		{FF0BA080-896F-4BB3-A9F7-71612DCE0199}.Release|Any CPU.Build.0 = Release|Any CPU
	EndGlobalSection
	GlobalSection(SolutionProperties) = preSolution
		HideSolutionNode = FALSE
	EndGlobalSection
	GlobalSection(ExtensibilityGlobals) = postSolution
		SolutionGuid = {7A5A34AF-6399-488D-A186-3D9A572CF756}
	EndGlobalSection
EndGlobal
