
Microsoft Visual Studio Solution File, Format Version 12.00
# Visual Studio Version 17
VisualStudioVersion = 17.1.32407.343
MinimumVisualStudioVersion = 10.0.40219.1
Project("{9A19103F-16F7-4668-BE54-9A1E7A4F7556}") = "Lab_5", "Lab_5\Lab_5.csproj", "{DCA7C8E3-1DDA-48E4-B547-FEB0BDAEF9C4}"
EndProject
Project("{FAE04EC0-301F-11D3-BF4B-00C04F79EFBC}") = "Task_1_Tests", "Task_1_Tests\Task_1_Tests.csproj", "{AC81CA32-3BFA-431A-8BE3-FE815CF74489}"
EndProject
Global
	GlobalSection(SolutionConfigurationPlatforms) = preSolution
		Debug|Any CPU = Debug|Any CPU
		Release|Any CPU = Release|Any CPU
	EndGlobalSection
	GlobalSection(ProjectConfigurationPlatforms) = postSolution
		{DCA7C8E3-1DDA-48E4-B547-FEB0BDAEF9C4}.Debug|Any CPU.ActiveCfg = Debug|Any CPU
		{DCA7C8E3-1DDA-48E4-B547-FEB0BDAEF9C4}.Debug|Any CPU.Build.0 = Debug|Any CPU
		{DCA7C8E3-1DDA-48E4-B547-FEB0BDAEF9C4}.Release|Any CPU.ActiveCfg = Release|Any CPU
		{DCA7C8E3-1DDA-48E4-B547-FEB0BDAEF9C4}.Release|Any CPU.Build.0 = Release|Any CPU
		{AC81CA32-3BFA-431A-8BE3-FE815CF74489}.Debug|Any CPU.ActiveCfg = Debug|Any CPU
		{AC81CA32-3BFA-431A-8BE3-FE815CF74489}.Debug|Any CPU.Build.0 = Debug|Any CPU
		{AC81CA32-3BFA-431A-8BE3-FE815CF74489}.Release|Any CPU.ActiveCfg = Release|Any CPU
		{AC81CA32-3BFA-431A-8BE3-FE815CF74489}.Release|Any CPU.Build.0 = Release|Any CPU
	EndGlobalSection
	GlobalSection(SolutionProperties) = preSolution
		HideSolutionNode = FALSE
	EndGlobalSection
	GlobalSection(ExtensibilityGlobals) = postSolution
		SolutionGuid = {A5970D9A-796B-4DB0-B113-ABD6604B6363}
	EndGlobalSection
EndGlobal
